// !$*UTF8*$!
{
	archiveVersion = 1;
	classes = {
	};
	objectVersion = 46;
	objects = {

/* Begin PBXBuildFile section */
		0545133B1A6C9FD4002B8F92 /* main.m in Sources */ = {isa = PBXBuildFile; fileRef = 0545133A1A6C9FD4002B8F92 /* main.m */; };
		054513931A6CA92A002B8F92 /* libXCC.a in Frameworks */ = {isa = PBXBuildFile; fileRef = 054513881A6CA92A002B8F92 /* libXCC.a */; };
		054513A11A6CA962002B8F92 /* XCCArgumentsTests.m in Sources */ = {isa = PBXBuildFile; fileRef = 054513A01A6CA962002B8F92 /* XCCArgumentsTests.m */; };
		054513A51A6CA96E002B8F92 /* XCCArguments.m in Sources */ = {isa = PBXBuildFile; fileRef = 054513A31A6CA96E002B8F92 /* XCCArguments.m */; };
		054513A81A6CA9D3002B8F92 /* libXCC.a in Frameworks */ = {isa = PBXBuildFile; fileRef = 054513881A6CA92A002B8F92 /* libXCC.a */; };
		054513B01A6D5752002B8F92 /* XCCHelpTests.m in Sources */ = {isa = PBXBuildFile; fileRef = 054513AF1A6D5752002B8F92 /* XCCHelpTests.m */; };
		054513B41A6D57B9002B8F92 /* XCCHelp.m in Sources */ = {isa = PBXBuildFile; fileRef = 054513B21A6D57B9002B8F92 /* XCCHelp.m */; };
		054513B81A6D5C68002B8F92 /* Clang-Warnings.h in Headers */ = {isa = PBXBuildFile; fileRef = 054513B71A6D5C68002B8F92 /* Clang-Warnings.h */; };
		054513C71A6D64C0002B8F92 /* XCCGCovHelperTests.m in Sources */ = {isa = PBXBuildFile; fileRef = 054513C61A6D64C0002B8F92 /* XCCGCovHelperTests.m */; };
		054513CB1A6D6953002B8F92 /* XCCGCovHelper.m in Sources */ = {isa = PBXBuildFile; fileRef = 054513C91A6D6953002B8F92 /* XCCGCovHelper.m */; };
		054513D31A6D7F8F002B8F92 /* XCCGCovFileTests.m in Sources */ = {isa = PBXBuildFile; fileRef = 054513D21A6D7F8F002B8F92 /* XCCGCovFileTests.m */; };
		054513D91A6D80F5002B8F92 /* XCCGCovFile.m in Sources */ = {isa = PBXBuildFile; fileRef = 054513D71A6D80F5002B8F92 /* XCCGCovFile.m */; };
		054513E01A6D8DFD002B8F92 /* XCCGCovFileLine.m in Sources */ = {isa = PBXBuildFile; fileRef = 054513DE1A6D8DFD002B8F92 /* XCCGCovFileLine.m */; };
		054513F21A6D9A2A002B8F92 /* test.gcda in Resources */ = {isa = PBXBuildFile; fileRef = 054513EE1A6D9A22002B8F92 /* test.gcda */; };
		054513F31A6D9A2A002B8F92 /* test.gcno in Resources */ = {isa = PBXBuildFile; fileRef = 054513EF1A6D9A22002B8F92 /* test.gcno */; };
		054513F41A6D9A2A002B8F92 /* test in Resources */ = {isa = PBXBuildFile; fileRef = 054513F01A6D9A22002B8F92 /* test */; };
		054513F51A6D9A2A002B8F92 /* test.m.gcov in Resources */ = {isa = PBXBuildFile; fileRef = 054513F11A6D9A22002B8F92 /* test.m.gcov */; };
		054513F91A6DA9A0002B8F92 /* XCCCoverallsRequest.m in Sources */ = {isa = PBXBuildFile; fileRef = 054513F71A6DA9A0002B8F92 /* XCCCoverallsRequest.m */; };
/* End PBXBuildFile section */

/* Begin PBXContainerItemProxy section */
		054513941A6CA92A002B8F92 /* PBXContainerItemProxy */ = {
			isa = PBXContainerItemProxy;
			containerPortal = 0545132F1A6C9FD4002B8F92 /* Project object */;
			proxyType = 1;
			remoteGlobalIDString = 054513871A6CA92A002B8F92;
			remoteInfo = XCC;
		};
		054513A61A6CA9CF002B8F92 /* PBXContainerItemProxy */ = {
			isa = PBXContainerItemProxy;
			containerPortal = 0545132F1A6C9FD4002B8F92 /* Project object */;
			proxyType = 1;
			remoteGlobalIDString = 054513871A6CA92A002B8F92;
			remoteInfo = XCC;
		};
/* End PBXContainerItemProxy section */

/* Begin PBXCopyFilesBuildPhase section */
		054513351A6C9FD4002B8F92 /* CopyFiles */ = {
			isa = PBXCopyFilesBuildPhase;
			buildActionMask = 2147483647;
			dstPath = /usr/share/man/man1/;
			dstSubfolderSpec = 0;
			files = (
			);
			runOnlyForDeploymentPostprocessing = 1;
		};
/* End PBXCopyFilesBuildPhase section */

/* Begin PBXFileReference section */
		054513371A6C9FD4002B8F92 /* xcode-coveralls */ = {isa = PBXFileReference; explicitFileType = "compiled.mach-o.executable"; includeInIndex = 0; path = "xcode-coveralls"; sourceTree = BUILT_PRODUCTS_DIR; };
		0545133A1A6C9FD4002B8F92 /* main.m */ = {isa = PBXFileReference; lastKnownFileType = sourcecode.c.objc; path = main.m; sourceTree = "<group>"; };
		054513881A6CA92A002B8F92 /* libXCC.a */ = {isa = PBXFileReference; explicitFileType = archive.ar; includeInIndex = 0; path = libXCC.a; sourceTree = BUILT_PRODUCTS_DIR; };
		0545138A1A6CA92A002B8F92 /* XCC.h */ = {isa = PBXFileReference; lastKnownFileType = sourcecode.c.h; path = XCC.h; sourceTree = "<group>"; };
		054513921A6CA92A002B8F92 /* XCCTests.xctest */ = {isa = PBXFileReference; explicitFileType = wrapper.cfbundle; includeInIndex = 0; path = XCCTests.xctest; sourceTree = BUILT_PRODUCTS_DIR; };
		054513981A6CA92A002B8F92 /* Info.plist */ = {isa = PBXFileReference; lastKnownFileType = text.plist.xml; path = Info.plist; sourceTree = "<group>"; };
		0545139F1A6CA962002B8F92 /* XCCArgumentsTests.h */ = {isa = PBXFileReference; fileEncoding = 4; lastKnownFileType = sourcecode.c.h; path = XCCArgumentsTests.h; sourceTree = "<group>"; };
		054513A01A6CA962002B8F92 /* XCCArgumentsTests.m */ = {isa = PBXFileReference; fileEncoding = 4; lastKnownFileType = sourcecode.c.objc; path = XCCArgumentsTests.m; sourceTree = "<group>"; };
		054513A21A6CA96E002B8F92 /* XCCArguments.h */ = {isa = PBXFileReference; fileEncoding = 4; lastKnownFileType = sourcecode.c.h; path = XCCArguments.h; sourceTree = "<group>"; };
		054513A31A6CA96E002B8F92 /* XCCArguments.m */ = {isa = PBXFileReference; fileEncoding = 4; lastKnownFileType = sourcecode.c.objc; path = XCCArguments.m; sourceTree = "<group>"; };
		054513AC1A6D55EC002B8F92 /* README.md */ = {isa = PBXFileReference; fileEncoding = 4; lastKnownFileType = net.daringfireball.markdown; path = README.md; sourceTree = "<group>"; };
		054513AE1A6D5752002B8F92 /* XCCHelpTests.h */ = {isa = PBXFileReference; fileEncoding = 4; lastKnownFileType = sourcecode.c.h; path = XCCHelpTests.h; sourceTree = "<group>"; };
		054513AF1A6D5752002B8F92 /* XCCHelpTests.m */ = {isa = PBXFileReference; fileEncoding = 4; lastKnownFileType = sourcecode.c.objc; path = XCCHelpTests.m; sourceTree = "<group>"; };
		054513B11A6D57B9002B8F92 /* XCCHelp.h */ = {isa = PBXFileReference; fileEncoding = 4; lastKnownFileType = sourcecode.c.h; path = XCCHelp.h; sourceTree = "<group>"; };
		054513B21A6D57B9002B8F92 /* XCCHelp.m */ = {isa = PBXFileReference; fileEncoding = 4; lastKnownFileType = sourcecode.c.objc; path = XCCHelp.m; sourceTree = "<group>"; };
		054513B71A6D5C68002B8F92 /* Clang-Warnings.h */ = {isa = PBXFileReference; fileEncoding = 4; lastKnownFileType = sourcecode.c.h; path = "Clang-Warnings.h"; sourceTree = "<group>"; };
		054513B91A6D5C94002B8F92 /* PrefixHeader.pch */ = {isa = PBXFileReference; fileEncoding = 4; lastKnownFileType = sourcecode.c.h; path = PrefixHeader.pch; sourceTree = "<group>"; };
		054513BB1A6D5C9C002B8F92 /* PrefixHeader.pch */ = {isa = PBXFileReference; fileEncoding = 4; lastKnownFileType = sourcecode.c.h; path = PrefixHeader.pch; sourceTree = "<group>"; };
		054513BD1A6D5CA1002B8F92 /* PrefixHeader.pch */ = {isa = PBXFileReference; fileEncoding = 4; lastKnownFileType = sourcecode.c.h; path = PrefixHeader.pch; sourceTree = "<group>"; };
		054513C51A6D64C0002B8F92 /* XCCGCovHelperTests.h */ = {isa = PBXFileReference; fileEncoding = 4; lastKnownFileType = sourcecode.c.h; path = XCCGCovHelperTests.h; sourceTree = "<group>"; };
		054513C61A6D64C0002B8F92 /* XCCGCovHelperTests.m */ = {isa = PBXFileReference; fileEncoding = 4; lastKnownFileType = sourcecode.c.objc; path = XCCGCovHelperTests.m; sourceTree = "<group>"; };
		054513C81A6D6953002B8F92 /* XCCGCovHelper.h */ = {isa = PBXFileReference; fileEncoding = 4; lastKnownFileType = sourcecode.c.h; path = XCCGCovHelper.h; sourceTree = "<group>"; };
		054513C91A6D6953002B8F92 /* XCCGCovHelper.m */ = {isa = PBXFileReference; fileEncoding = 4; lastKnownFileType = sourcecode.c.objc; path = XCCGCovHelper.m; sourceTree = "<group>"; };
		054513D11A6D7F8F002B8F92 /* XCCGCovFileTests.h */ = {isa = PBXFileReference; fileEncoding = 4; lastKnownFileType = sourcecode.c.h; path = XCCGCovFileTests.h; sourceTree = "<group>"; };
		054513D21A6D7F8F002B8F92 /* XCCGCovFileTests.m */ = {isa = PBXFileReference; fileEncoding = 4; lastKnownFileType = sourcecode.c.objc; path = XCCGCovFileTests.m; sourceTree = "<group>"; };
		054513D61A6D80F5002B8F92 /* XCCGCovFile.h */ = {isa = PBXFileReference; fileEncoding = 4; lastKnownFileType = sourcecode.c.h; path = XCCGCovFile.h; sourceTree = "<group>"; };
		054513D71A6D80F5002B8F92 /* XCCGCovFile.m */ = {isa = PBXFileReference; fileEncoding = 4; lastKnownFileType = sourcecode.c.objc; path = XCCGCovFile.m; sourceTree = "<group>"; };
		054513DD1A6D8DFD002B8F92 /* XCCGCovFileLine.h */ = {isa = PBXFileReference; fileEncoding = 4; lastKnownFileType = sourcecode.c.h; path = XCCGCovFileLine.h; sourceTree = "<group>"; };
		054513DE1A6D8DFD002B8F92 /* XCCGCovFileLine.m */ = {isa = PBXFileReference; fileEncoding = 4; lastKnownFileType = sourcecode.c.objc; path = XCCGCovFileLine.m; sourceTree = "<group>"; };
		054513EE1A6D9A22002B8F92 /* test.gcda */ = {isa = PBXFileReference; lastKnownFileType = file; path = test.gcda; sourceTree = "<group>"; };
		054513EF1A6D9A22002B8F92 /* test.gcno */ = {isa = PBXFileReference; lastKnownFileType = file; path = test.gcno; sourceTree = "<group>"; };
		054513F01A6D9A22002B8F92 /* test */ = {isa = PBXFileReference; lastKnownFileType = text; path = test; sourceTree = "<group>"; };
		054513F11A6D9A22002B8F92 /* test.m.gcov */ = {isa = PBXFileReference; lastKnownFileType = text; path = test.m.gcov; sourceTree = "<group>"; };
		054513F61A6DA9A0002B8F92 /* XCCCoverallsRequest.h */ = {isa = PBXFileReference; fileEncoding = 4; lastKnownFileType = sourcecode.c.h; path = XCCCoverallsRequest.h; sourceTree = "<group>"; };
		054513F71A6DA9A0002B8F92 /* XCCCoverallsRequest.m */ = {isa = PBXFileReference; fileEncoding = 4; lastKnownFileType = sourcecode.c.objc; path = XCCCoverallsRequest.m; sourceTree = "<group>"; };
		0552BFA41A6ED80A007F1099 /* coveralls.sh */ = {isa = PBXFileReference; fileEncoding = 4; lastKnownFileType = text.script.sh; path = coveralls.sh; sourceTree = "<group>"; };
/* End PBXFileReference section */

/* Begin PBXFrameworksBuildPhase section */
		054513341A6C9FD4002B8F92 /* Frameworks */ = {
			isa = PBXFrameworksBuildPhase;
			buildActionMask = 2147483647;
			files = (
				054513A81A6CA9D3002B8F92 /* libXCC.a in Frameworks */,
			);
			runOnlyForDeploymentPostprocessing = 0;
		};
		054513851A6CA92A002B8F92 /* Frameworks */ = {
			isa = PBXFrameworksBuildPhase;
			buildActionMask = 2147483647;
			files = (
			);
			runOnlyForDeploymentPostprocessing = 0;
		};
		0545138F1A6CA92A002B8F92 /* Frameworks */ = {
			isa = PBXFrameworksBuildPhase;
			buildActionMask = 2147483647;
			files = (
				054513931A6CA92A002B8F92 /* libXCC.a in Frameworks */,
			);
			runOnlyForDeploymentPostprocessing = 0;
		};
/* End PBXFrameworksBuildPhase section */

/* Begin PBXGroup section */
		0545132E1A6C9FD4002B8F92 = {
			isa = PBXGroup;
			children = (
				054513B71A6D5C68002B8F92 /* Clang-Warnings.h */,
				054513AC1A6D55EC002B8F92 /* README.md */,
				054513391A6C9FD4002B8F92 /* xcode-coverall */,
				054513891A6CA92A002B8F92 /* XCC */,
				054513961A6CA92A002B8F92 /* XCCTests */,
				0552BFA21A6ED80A007F1099 /* Scripts */,
				054513381A6C9FD4002B8F92 /* Products */,
			);
			sourceTree = "<group>";
		};
		054513381A6C9FD4002B8F92 /* Products */ = {
			isa = PBXGroup;
			children = (
				054513371A6C9FD4002B8F92 /* xcode-coveralls */,
				054513881A6CA92A002B8F92 /* libXCC.a */,
				054513921A6CA92A002B8F92 /* XCCTests.xctest */,
			);
			name = Products;
			sourceTree = "<group>";
		};
		054513391A6C9FD4002B8F92 /* xcode-coverall */ = {
			isa = PBXGroup;
			children = (
				0545133A1A6C9FD4002B8F92 /* main.m */,
				054513BE1A6D5CA7002B8F92 /* Supporting Files */,
			);
			name = "xcode-coverall";
			path = "xcode-coveralls";
			sourceTree = "<group>";
		};
		054513891A6CA92A002B8F92 /* XCC */ = {
			isa = PBXGroup;
			children = (
				0545138A1A6CA92A002B8F92 /* XCC.h */,
				054513A21A6CA96E002B8F92 /* XCCArguments.h */,
				054513A31A6CA96E002B8F92 /* XCCArguments.m */,
				054513B11A6D57B9002B8F92 /* XCCHelp.h */,
				054513B21A6D57B9002B8F92 /* XCCHelp.m */,
				054513C81A6D6953002B8F92 /* XCCGCovHelper.h */,
				054513C91A6D6953002B8F92 /* XCCGCovHelper.m */,
				054513D61A6D80F5002B8F92 /* XCCGCovFile.h */,
				054513D71A6D80F5002B8F92 /* XCCGCovFile.m */,
				054513DD1A6D8DFD002B8F92 /* XCCGCovFileLine.h */,
				054513DE1A6D8DFD002B8F92 /* XCCGCovFileLine.m */,
				054513F61A6DA9A0002B8F92 /* XCCCoverallsRequest.h */,
				054513F71A6DA9A0002B8F92 /* XCCCoverallsRequest.m */,
				054513BF1A6D5CB6002B8F92 /* Supporting Files */,
			);
			path = XCC;
			sourceTree = "<group>";
		};
		054513961A6CA92A002B8F92 /* XCCTests */ = {
			isa = PBXGroup;
			children = (
				0545139F1A6CA962002B8F92 /* XCCArgumentsTests.h */,
				054513A01A6CA962002B8F92 /* XCCArgumentsTests.m */,
				054513AE1A6D5752002B8F92 /* XCCHelpTests.h */,
				054513AF1A6D5752002B8F92 /* XCCHelpTests.m */,
				054513C51A6D64C0002B8F92 /* XCCGCovHelperTests.h */,
				054513C61A6D64C0002B8F92 /* XCCGCovHelperTests.m */,
				054513D11A6D7F8F002B8F92 /* XCCGCovFileTests.h */,
				054513D21A6D7F8F002B8F92 /* XCCGCovFileTests.m */,
				054513971A6CA92A002B8F92 /* Supporting Files */,
			);
			path = XCCTests;
			sourceTree = "<group>";
		};
		054513971A6CA92A002B8F92 /* Supporting Files */ = {
			isa = PBXGroup;
			children = (
				054513CC1A6D76B5002B8F92 /* gcov */,
				054513BD1A6D5CA1002B8F92 /* PrefixHeader.pch */,
				054513981A6CA92A002B8F92 /* Info.plist */,
			);
			name = "Supporting Files";
			sourceTree = "<group>";
		};
		054513BE1A6D5CA7002B8F92 /* Supporting Files */ = {
			isa = PBXGroup;
			children = (
				054513B91A6D5C94002B8F92 /* PrefixHeader.pch */,
			);
			name = "Supporting Files";
			sourceTree = "<group>";
		};
		054513BF1A6D5CB6002B8F92 /* Supporting Files */ = {
			isa = PBXGroup;
			children = (
				054513BB1A6D5C9C002B8F92 /* PrefixHeader.pch */,
			);
			name = "Supporting Files";
			sourceTree = "<group>";
		};
		054513CC1A6D76B5002B8F92 /* gcov */ = {
			isa = PBXGroup;
			children = (
				054513EE1A6D9A22002B8F92 /* test.gcda */,
				054513EF1A6D9A22002B8F92 /* test.gcno */,
				054513F01A6D9A22002B8F92 /* test */,
				054513F11A6D9A22002B8F92 /* test.m.gcov */,
			);
			path = gcov;
			sourceTree = "<group>";
		};
		0552BFA21A6ED80A007F1099 /* Scripts */ = {
			isa = PBXGroup;
			children = (
				0552BFA41A6ED80A007F1099 /* coveralls.sh */,
			);
			path = Scripts;
			sourceTree = "<group>";
		};
/* End PBXGroup section */

/* Begin PBXHeadersBuildPhase section */
		054513861A6CA92A002B8F92 /* Headers */ = {
			isa = PBXHeadersBuildPhase;
			buildActionMask = 2147483647;
			files = (
				054513B81A6D5C68002B8F92 /* Clang-Warnings.h in Headers */,
			);
			runOnlyForDeploymentPostprocessing = 0;
		};
/* End PBXHeadersBuildPhase section */

/* Begin PBXNativeTarget section */
		054513361A6C9FD4002B8F92 /* xcode-coveralls */ = {
			isa = PBXNativeTarget;
			buildConfigurationList = 0545133E1A6C9FD4002B8F92 /* Build configuration list for PBXNativeTarget "xcode-coveralls" */;
			buildPhases = (
				054513331A6C9FD4002B8F92 /* Sources */,
				054513341A6C9FD4002B8F92 /* Frameworks */,
				054513351A6C9FD4002B8F92 /* CopyFiles */,
			);
			buildRules = (
			);
			dependencies = (
				054513A71A6CA9CF002B8F92 /* PBXTargetDependency */,
			);
			name = "xcode-coveralls";
			productName = xcodecoverall;
			productReference = 054513371A6C9FD4002B8F92 /* xcode-coveralls */;
			productType = "com.apple.product-type.tool";
		};
		054513871A6CA92A002B8F92 /* XCC */ = {
			isa = PBXNativeTarget;
			buildConfigurationList = 054513991A6CA92A002B8F92 /* Build configuration list for PBXNativeTarget "XCC" */;
			buildPhases = (
				054513841A6CA92A002B8F92 /* Sources */,
				054513851A6CA92A002B8F92 /* Frameworks */,
				054513861A6CA92A002B8F92 /* Headers */,
				0552BFA11A6ED717007F1099 /* ShellScript */,
			);
			buildRules = (
			);
			dependencies = (
			);
			name = XCC;
			productName = XCC;
			productReference = 054513881A6CA92A002B8F92 /* libXCC.a */;
			productType = "com.apple.product-type.library.static";
		};
		054513911A6CA92A002B8F92 /* XCCTests */ = {
			isa = PBXNativeTarget;
			buildConfigurationList = 0545139C1A6CA92A002B8F92 /* Build configuration list for PBXNativeTarget "XCCTests" */;
			buildPhases = (
				0545138E1A6CA92A002B8F92 /* Sources */,
				0545138F1A6CA92A002B8F92 /* Frameworks */,
				054513901A6CA92A002B8F92 /* Resources */,
			);
			buildRules = (
			);
			dependencies = (
				054513951A6CA92A002B8F92 /* PBXTargetDependency */,
			);
			name = XCCTests;
			productName = XCCTests;
			productReference = 054513921A6CA92A002B8F92 /* XCCTests.xctest */;
			productType = "com.apple.product-type.bundle.unit-test";
		};
/* End PBXNativeTarget section */

/* Begin PBXProject section */
		0545132F1A6C9FD4002B8F92 /* Project object */ = {
			isa = PBXProject;
			attributes = {
				LastUpgradeCheck = 0610;
				ORGANIZATIONNAME = "XS-Labs";
				TargetAttributes = {
					054513361A6C9FD4002B8F92 = {
						CreatedOnToolsVersion = 6.1.1;
					};
					054513871A6CA92A002B8F92 = {
						CreatedOnToolsVersion = 6.1.1;
					};
					054513911A6CA92A002B8F92 = {
						CreatedOnToolsVersion = 6.1.1;
					};
				};
			};
			buildConfigurationList = 054513321A6C9FD4002B8F92 /* Build configuration list for PBXProject "xcode-coveralls" */;
			compatibilityVersion = "Xcode 3.2";
			developmentRegion = English;
			hasScannedForEncodings = 0;
			knownRegions = (
				en,
			);
			mainGroup = 0545132E1A6C9FD4002B8F92;
			productRefGroup = 054513381A6C9FD4002B8F92 /* Products */;
			projectDirPath = "";
			projectRoot = "";
			targets = (
				054513361A6C9FD4002B8F92 /* xcode-coveralls */,
				054513871A6CA92A002B8F92 /* XCC */,
				054513911A6CA92A002B8F92 /* XCCTests */,
			);
		};
/* End PBXProject section */

/* Begin PBXResourcesBuildPhase section */
		054513901A6CA92A002B8F92 /* Resources */ = {
			isa = PBXResourcesBuildPhase;
			buildActionMask = 2147483647;
			files = (
				054513F21A6D9A2A002B8F92 /* test.gcda in Resources */,
				054513F31A6D9A2A002B8F92 /* test.gcno in Resources */,
				054513F41A6D9A2A002B8F92 /* test in Resources */,
				054513F51A6D9A2A002B8F92 /* test.m.gcov in Resources */,
			);
			runOnlyForDeploymentPostprocessing = 0;
		};
/* End PBXResourcesBuildPhase section */

/* Begin PBXShellScriptBuildPhase section */
		0552BFA11A6ED717007F1099 /* ShellScript */ = {
			isa = PBXShellScriptBuildPhase;
			buildActionMask = 2147483647;
			files = (
			);
			inputPaths = (
			);
			outputPaths = (
			);
			runOnlyForDeploymentPostprocessing = 0;
			shellPath = /bin/sh;
			shellScript = "export | egrep '(BUILT_PRODUCTS_DIR)|(CURRENT_ARCH)|(OBJECT_FILE_DIR_normal)|(SRCROOT)|(OBJROOT)' > Scripts/xcenv.sh";
		};
/* End PBXShellScriptBuildPhase section */

/* Begin PBXSourcesBuildPhase section */
		054513331A6C9FD4002B8F92 /* Sources */ = {
			isa = PBXSourcesBuildPhase;
			buildActionMask = 2147483647;
			files = (
				0545133B1A6C9FD4002B8F92 /* main.m in Sources */,
			);
			runOnlyForDeploymentPostprocessing = 0;
		};
		054513841A6CA92A002B8F92 /* Sources */ = {
			isa = PBXSourcesBuildPhase;
			buildActionMask = 2147483647;
			files = (
				054513A51A6CA96E002B8F92 /* XCCArguments.m in Sources */,
				054513E01A6D8DFD002B8F92 /* XCCGCovFileLine.m in Sources */,
				054513F91A6DA9A0002B8F92 /* XCCCoverallsRequest.m in Sources */,
				054513D91A6D80F5002B8F92 /* XCCGCovFile.m in Sources */,
				054513CB1A6D6953002B8F92 /* XCCGCovHelper.m in Sources */,
				054513B41A6D57B9002B8F92 /* XCCHelp.m in Sources */,
			);
			runOnlyForDeploymentPostprocessing = 0;
		};
		0545138E1A6CA92A002B8F92 /* Sources */ = {
			isa = PBXSourcesBuildPhase;
			buildActionMask = 2147483647;
			files = (
				054513C71A6D64C0002B8F92 /* XCCGCovHelperTests.m in Sources */,
				054513D31A6D7F8F002B8F92 /* XCCGCovFileTests.m in Sources */,
				054513B01A6D5752002B8F92 /* XCCHelpTests.m in Sources */,
				054513A11A6CA962002B8F92 /* XCCArgumentsTests.m in Sources */,
			);
			runOnlyForDeploymentPostprocessing = 0;
		};
/* End PBXSourcesBuildPhase section */

/* Begin PBXTargetDependency section */
		054513951A6CA92A002B8F92 /* PBXTargetDependency */ = {
			isa = PBXTargetDependency;
			target = 054513871A6CA92A002B8F92 /* XCC */;
			targetProxy = 054513941A6CA92A002B8F92 /* PBXContainerItemProxy */;
		};
		054513A71A6CA9CF002B8F92 /* PBXTargetDependency */ = {
			isa = PBXTargetDependency;
			target = 054513871A6CA92A002B8F92 /* XCC */;
			targetProxy = 054513A61A6CA9CF002B8F92 /* PBXContainerItemProxy */;
		};
/* End PBXTargetDependency section */

/* Begin XCBuildConfiguration section */
		0545133C1A6C9FD4002B8F92 /* Debug */ = {
			isa = XCBuildConfiguration;
			buildSettings = {
				ALWAYS_SEARCH_USER_PATHS = NO;
				CLANG_ANALYZER_DEADCODE_DEADSTORES = YES;
				CLANG_ANALYZER_GCD = YES;
				CLANG_ANALYZER_MEMORY_MANAGEMENT = YES;
				CLANG_ANALYZER_OBJC_ATSYNC = YES;
				CLANG_ANALYZER_OBJC_COLLECTIONS = YES;
				CLANG_ANALYZER_OBJC_INCOMP_METHOD_TYPES = YES;
				CLANG_ANALYZER_OBJC_NSCFERROR = YES;
				CLANG_ANALYZER_OBJC_RETAIN_COUNT = YES;
				CLANG_ANALYZER_OBJC_SELF_INIT = YES;
				CLANG_ANALYZER_OBJC_UNUSED_IVARS = YES;
				CLANG_ANALYZER_SECURITY_FLOATLOOPCOUNTER = YES;
				CLANG_ANALYZER_SECURITY_INSECUREAPI_GETPW_GETS = YES;
				CLANG_ANALYZER_SECURITY_INSECUREAPI_MKSTEMP = YES;
				CLANG_ANALYZER_SECURITY_INSECUREAPI_RAND = YES;
				CLANG_ANALYZER_SECURITY_INSECUREAPI_STRCPY = YES;
				CLANG_ANALYZER_SECURITY_INSECUREAPI_UNCHECKEDRETURN = YES;
				CLANG_ANALYZER_SECURITY_INSECUREAPI_VFORK = YES;
				CLANG_ANALYZER_SECURITY_KEYCHAIN_API = YES;
				CLANG_CXX_LANGUAGE_STANDARD = "c++0x";
				CLANG_CXX_LIBRARY = "libc++";
				CLANG_ENABLE_MODULES = YES;
				CLANG_ENABLE_OBJC_ARC = YES;
				CLANG_STATIC_ANALYZER_MODE = deep;
				CLANG_STATIC_ANALYZER_MODE_ON_ANALYZE_ACTION = deep;
				CLANG_WARN_ASSIGN_ENUM = YES;
				CLANG_WARN_BOOL_CONVERSION = YES;
				CLANG_WARN_CONSTANT_CONVERSION = YES;
				CLANG_WARN_CXX0X_EXTENSIONS = YES;
				CLANG_WARN_DEPRECATED_OBJC_IMPLEMENTATIONS = YES;
				CLANG_WARN_DIRECT_OBJC_ISA_USAGE = YES_ERROR;
				CLANG_WARN_DOCUMENTATION_COMMENTS = YES;
				CLANG_WARN_EMPTY_BODY = YES;
				CLANG_WARN_ENUM_CONVERSION = YES;
				CLANG_WARN_IMPLICIT_SIGN_CONVERSION = YES;
				CLANG_WARN_INT_CONVERSION = YES;
				CLANG_WARN_OBJC_EXPLICIT_OWNERSHIP_TYPE = YES;
				CLANG_WARN_OBJC_IMPLICIT_ATOMIC_PROPERTIES = YES;
				CLANG_WARN_OBJC_IMPLICIT_RETAIN_SELF = YES;
				CLANG_WARN_OBJC_MISSING_PROPERTY_SYNTHESIS = NO;
				CLANG_WARN_OBJC_RECEIVER_WEAK = YES;
				CLANG_WARN_OBJC_REPEATED_USE_OF_WEAK = YES;
				CLANG_WARN_OBJC_ROOT_CLASS = YES_ERROR;
				CLANG_WARN_SUSPICIOUS_IMPLICIT_CONVERSION = YES;
				CLANG_WARN_UNREACHABLE_CODE = YES;
				CLANG_WARN__ARC_BRIDGE_CAST_NONARC = YES;
				CLANG_WARN__DUPLICATE_METHOD_MATCH = YES;
				CLANG_WARN__EXIT_TIME_DESTRUCTORS = YES;
				COPY_PHASE_STRIP = NO;
				ENABLE_STRICT_OBJC_MSGSEND = YES;
				GCC_C_LANGUAGE_STANDARD = c99;
				GCC_DYNAMIC_NO_PIC = NO;
				GCC_GENERATE_TEST_COVERAGE_FILES = NO;
				GCC_INSTRUMENT_PROGRAM_FLOW_ARCS = NO;
				GCC_OPTIMIZATION_LEVEL = 0;
				GCC_PREPROCESSOR_DEFINITIONS = (
					"DEBUG=1",
					"$(inherited)",
				);
				GCC_SYMBOLS_PRIVATE_EXTERN = NO;
				GCC_TREAT_IMPLICIT_FUNCTION_DECLARATIONS_AS_ERRORS = YES;
				GCC_TREAT_INCOMPATIBLE_POINTER_TYPE_WARNINGS_AS_ERRORS = YES;
				GCC_TREAT_WARNINGS_AS_ERRORS = YES;
				GCC_WARN_64_TO_32_BIT_CONVERSION = YES;
				GCC_WARN_ABOUT_DEPRECATED_FUNCTIONS = YES;
				GCC_WARN_ABOUT_INVALID_OFFSETOF_MACRO = YES;
				GCC_WARN_ABOUT_MISSING_FIELD_INITIALIZERS = YES;
				GCC_WARN_ABOUT_MISSING_NEWLINE = YES;
				GCC_WARN_ABOUT_MISSING_PROTOTYPES = YES;
				GCC_WARN_ABOUT_POINTER_SIGNEDNESS = YES;
				GCC_WARN_ABOUT_RETURN_TYPE = YES_ERROR;
				GCC_WARN_ALLOW_INCOMPLETE_PROTOCOL = YES;
				GCC_WARN_CHECK_SWITCH_STATEMENTS = YES;
				GCC_WARN_FOUR_CHARACTER_CONSTANTS = YES;
				GCC_WARN_HIDDEN_VIRTUAL_FUNCTIONS = YES;
				GCC_WARN_INHIBIT_ALL_WARNINGS = NO;
				GCC_WARN_INITIALIZER_NOT_FULLY_BRACKETED = YES;
				GCC_WARN_MISSING_PARENTHESES = YES;
				GCC_WARN_MULTIPLE_DEFINITION_TYPES_FOR_SELECTOR = YES;
				GCC_WARN_NON_VIRTUAL_DESTRUCTOR = YES;
				GCC_WARN_PEDANTIC = YES;
				GCC_WARN_SHADOW = YES;
				GCC_WARN_SIGN_COMPARE = YES;
				GCC_WARN_STRICT_SELECTOR_MATCH = YES;
				GCC_WARN_TYPECHECK_CALLS_TO_PRINTF = YES;
				GCC_WARN_UNDECLARED_SELECTOR = YES;
				GCC_WARN_UNINITIALIZED_AUTOS = YES_AGGRESSIVE;
				GCC_WARN_UNKNOWN_PRAGMAS = YES;
				GCC_WARN_UNUSED_FUNCTION = YES;
				GCC_WARN_UNUSED_LABEL = YES;
				GCC_WARN_UNUSED_PARAMETER = YES;
				GCC_WARN_UNUSED_VALUE = YES;
				GCC_WARN_UNUSED_VARIABLE = YES;
				MACOSX_DEPLOYMENT_TARGET = 10.7;
				MTL_ENABLE_DEBUG_INFO = YES;
				ONLY_ACTIVE_ARCH = YES;
				RUN_CLANG_STATIC_ANALYZER = YES;
				SDKROOT = macosx;
			};
			name = Debug;
		};
		0545133D1A6C9FD4002B8F92 /* Release */ = {
			isa = XCBuildConfiguration;
			buildSettings = {
				ALWAYS_SEARCH_USER_PATHS = NO;
				CLANG_ANALYZER_DEADCODE_DEADSTORES = YES;
				CLANG_ANALYZER_GCD = YES;
				CLANG_ANALYZER_MEMORY_MANAGEMENT = YES;
				CLANG_ANALYZER_OBJC_ATSYNC = YES;
				CLANG_ANALYZER_OBJC_COLLECTIONS = YES;
				CLANG_ANALYZER_OBJC_INCOMP_METHOD_TYPES = YES;
				CLANG_ANALYZER_OBJC_NSCFERROR = YES;
				CLANG_ANALYZER_OBJC_RETAIN_COUNT = YES;
				CLANG_ANALYZER_OBJC_SELF_INIT = YES;
				CLANG_ANALYZER_OBJC_UNUSED_IVARS = YES;
				CLANG_ANALYZER_SECURITY_FLOATLOOPCOUNTER = YES;
				CLANG_ANALYZER_SECURITY_INSECUREAPI_GETPW_GETS = YES;
				CLANG_ANALYZER_SECURITY_INSECUREAPI_MKSTEMP = YES;
				CLANG_ANALYZER_SECURITY_INSECUREAPI_RAND = YES;
				CLANG_ANALYZER_SECURITY_INSECUREAPI_STRCPY = YES;
				CLANG_ANALYZER_SECURITY_INSECUREAPI_UNCHECKEDRETURN = YES;
				CLANG_ANALYZER_SECURITY_INSECUREAPI_VFORK = YES;
				CLANG_ANALYZER_SECURITY_KEYCHAIN_API = YES;
				CLANG_CXX_LANGUAGE_STANDARD = "c++0x";
				CLANG_CXX_LIBRARY = "libc++";
				CLANG_ENABLE_MODULES = YES;
				CLANG_ENABLE_OBJC_ARC = YES;
				CLANG_STATIC_ANALYZER_MODE = deep;
				CLANG_STATIC_ANALYZER_MODE_ON_ANALYZE_ACTION = deep;
				CLANG_WARN_ASSIGN_ENUM = YES;
				CLANG_WARN_BOOL_CONVERSION = YES;
				CLANG_WARN_CONSTANT_CONVERSION = YES;
				CLANG_WARN_CXX0X_EXTENSIONS = YES;
				CLANG_WARN_DEPRECATED_OBJC_IMPLEMENTATIONS = YES;
				CLANG_WARN_DIRECT_OBJC_ISA_USAGE = YES_ERROR;
				CLANG_WARN_DOCUMENTATION_COMMENTS = YES;
				CLANG_WARN_EMPTY_BODY = YES;
				CLANG_WARN_ENUM_CONVERSION = YES;
				CLANG_WARN_IMPLICIT_SIGN_CONVERSION = YES;
				CLANG_WARN_INT_CONVERSION = YES;
				CLANG_WARN_OBJC_EXPLICIT_OWNERSHIP_TYPE = YES;
				CLANG_WARN_OBJC_IMPLICIT_ATOMIC_PROPERTIES = YES;
				CLANG_WARN_OBJC_IMPLICIT_RETAIN_SELF = YES;
				CLANG_WARN_OBJC_MISSING_PROPERTY_SYNTHESIS = NO;
				CLANG_WARN_OBJC_RECEIVER_WEAK = YES;
				CLANG_WARN_OBJC_REPEATED_USE_OF_WEAK = YES;
				CLANG_WARN_OBJC_ROOT_CLASS = YES_ERROR;
				CLANG_WARN_SUSPICIOUS_IMPLICIT_CONVERSION = YES;
				CLANG_WARN_UNREACHABLE_CODE = YES;
				CLANG_WARN__ARC_BRIDGE_CAST_NONARC = YES;
				CLANG_WARN__DUPLICATE_METHOD_MATCH = YES;
				CLANG_WARN__EXIT_TIME_DESTRUCTORS = YES;
				COPY_PHASE_STRIP = YES;
				DEBUG_INFORMATION_FORMAT = "dwarf-with-dsym";
				ENABLE_NS_ASSERTIONS = NO;
				ENABLE_STRICT_OBJC_MSGSEND = YES;
				GCC_C_LANGUAGE_STANDARD = c99;
				GCC_GENERATE_TEST_COVERAGE_FILES = NO;
				GCC_INSTRUMENT_PROGRAM_FLOW_ARCS = NO;
				GCC_OPTIMIZATION_LEVEL = s;
				GCC_TREAT_IMPLICIT_FUNCTION_DECLARATIONS_AS_ERRORS = YES;
				GCC_TREAT_INCOMPATIBLE_POINTER_TYPE_WARNINGS_AS_ERRORS = YES;
				GCC_TREAT_WARNINGS_AS_ERRORS = YES;
				GCC_WARN_64_TO_32_BIT_CONVERSION = YES;
				GCC_WARN_ABOUT_DEPRECATED_FUNCTIONS = YES;
				GCC_WARN_ABOUT_INVALID_OFFSETOF_MACRO = YES;
				GCC_WARN_ABOUT_MISSING_FIELD_INITIALIZERS = YES;
				GCC_WARN_ABOUT_MISSING_NEWLINE = YES;
				GCC_WARN_ABOUT_MISSING_PROTOTYPES = YES;
				GCC_WARN_ABOUT_POINTER_SIGNEDNESS = YES;
				GCC_WARN_ABOUT_RETURN_TYPE = YES_ERROR;
				GCC_WARN_ALLOW_INCOMPLETE_PROTOCOL = YES;
				GCC_WARN_CHECK_SWITCH_STATEMENTS = YES;
				GCC_WARN_FOUR_CHARACTER_CONSTANTS = YES;
				GCC_WARN_HIDDEN_VIRTUAL_FUNCTIONS = YES;
				GCC_WARN_INHIBIT_ALL_WARNINGS = NO;
				GCC_WARN_INITIALIZER_NOT_FULLY_BRACKETED = YES;
				GCC_WARN_MISSING_PARENTHESES = YES;
				GCC_WARN_MULTIPLE_DEFINITION_TYPES_FOR_SELECTOR = YES;
				GCC_WARN_NON_VIRTUAL_DESTRUCTOR = YES;
				GCC_WARN_PEDANTIC = YES;
				GCC_WARN_SHADOW = YES;
				GCC_WARN_SIGN_COMPARE = YES;
				GCC_WARN_STRICT_SELECTOR_MATCH = YES;
				GCC_WARN_TYPECHECK_CALLS_TO_PRINTF = YES;
				GCC_WARN_UNDECLARED_SELECTOR = YES;
				GCC_WARN_UNINITIALIZED_AUTOS = YES_AGGRESSIVE;
				GCC_WARN_UNKNOWN_PRAGMAS = YES;
				GCC_WARN_UNUSED_FUNCTION = YES;
				GCC_WARN_UNUSED_LABEL = YES;
				GCC_WARN_UNUSED_PARAMETER = YES;
				GCC_WARN_UNUSED_VALUE = YES;
				GCC_WARN_UNUSED_VARIABLE = YES;
				MACOSX_DEPLOYMENT_TARGET = 10.7;
				MTL_ENABLE_DEBUG_INFO = NO;
				RUN_CLANG_STATIC_ANALYZER = YES;
				SDKROOT = macosx;
			};
			name = Release;
		};
		0545133F1A6C9FD4002B8F92 /* Debug */ = {
			isa = XCBuildConfiguration;
			buildSettings = {
				GCC_PRECOMPILE_PREFIX_HEADER = YES;
				GCC_PREFIX_HEADER = "xcode-coveralls/PrefixHeader.pch";
				PRODUCT_NAME = "xcode-coveralls";
			};
			name = Debug;
		};
		054513401A6C9FD4002B8F92 /* Release */ = {
			isa = XCBuildConfiguration;
			buildSettings = {
				GCC_PRECOMPILE_PREFIX_HEADER = YES;
				GCC_PREFIX_HEADER = "xcode-coveralls/PrefixHeader.pch";
				PRODUCT_NAME = "xcode-coveralls";
			};
			name = Release;
		};
		0545139A1A6CA92A002B8F92 /* Debug */ = {
			isa = XCBuildConfiguration;
			buildSettings = {
				EXECUTABLE_PREFIX = lib;
				GCC_PRECOMPILE_PREFIX_HEADER = YES;
				GCC_PREFIX_HEADER = XCC/PrefixHeader.pch;
				GCC_PREPROCESSOR_DEFINITIONS = (
					"DEBUG=1",
					"$(inherited)",
				);
				PRODUCT_NAME = "$(TARGET_NAME)";
			};
			name = Debug;
		};
		0545139B1A6CA92A002B8F92 /* Release */ = {
			isa = XCBuildConfiguration;
			buildSettings = {
				EXECUTABLE_PREFIX = lib;
				GCC_PRECOMPILE_PREFIX_HEADER = YES;
				GCC_PREFIX_HEADER = XCC/PrefixHeader.pch;
				PRODUCT_NAME = "$(TARGET_NAME)";
			};
			name = Release;
		};
		0545139D1A6CA92A002B8F92 /* Debug */ = {
			isa = XCBuildConfiguration;
			buildSettings = {
				COMBINE_HIDPI_IMAGES = YES;
				FRAMEWORK_SEARCH_PATHS = (
					"$(DEVELOPER_FRAMEWORKS_DIR)",
					"$(inherited)",
				);
				GCC_PRECOMPILE_PREFIX_HEADER = YES;
				GCC_PREFIX_HEADER = XCCTests/PrefixHeader.pch;
				GCC_PREPROCESSOR_DEFINITIONS = (
					"DEBUG=1",
					"$(inherited)",
				);
				INFOPLIST_FILE = XCCTests/Info.plist;
				LD_RUNPATH_SEARCH_PATHS = "$(inherited) @executable_path/../Frameworks @loader_path/../Frameworks";
				PRODUCT_NAME = "$(TARGET_NAME)";
			};
			name = Debug;
		};
		0545139E1A6CA92A002B8F92 /* Release */ = {
			isa = XCBuildConfiguration;
			buildSettings = {
				COMBINE_HIDPI_IMAGES = YES;
				FRAMEWORK_SEARCH_PATHS = (
					"$(DEVELOPER_FRAMEWORKS_DIR)",
					"$(inherited)",
				);
				GCC_PRECOMPILE_PREFIX_HEADER = YES;
				GCC_PREFIX_HEADER = XCCTests/PrefixHeader.pch;
				INFOPLIST_FILE = XCCTests/Info.plist;
				LD_RUNPATH_SEARCH_PATHS = "$(inherited) @executable_path/../Frameworks @loader_path/../Frameworks";
				PRODUCT_NAME = "$(TARGET_NAME)";
			};
			name = Release;
		};
		054513C11A6D6247002B8F92 /* GCov */ = {
			isa = XCBuildConfiguration;
			buildSettings = {
				ALWAYS_SEARCH_USER_PATHS = NO;
				CLANG_ANALYZER_DEADCODE_DEADSTORES = YES;
				CLANG_ANALYZER_GCD = YES;
				CLANG_ANALYZER_MEMORY_MANAGEMENT = YES;
				CLANG_ANALYZER_OBJC_ATSYNC = YES;
				CLANG_ANALYZER_OBJC_COLLECTIONS = YES;
				CLANG_ANALYZER_OBJC_INCOMP_METHOD_TYPES = YES;
				CLANG_ANALYZER_OBJC_NSCFERROR = YES;
				CLANG_ANALYZER_OBJC_RETAIN_COUNT = YES;
				CLANG_ANALYZER_OBJC_SELF_INIT = YES;
				CLANG_ANALYZER_OBJC_UNUSED_IVARS = YES;
				CLANG_ANALYZER_SECURITY_FLOATLOOPCOUNTER = YES;
				CLANG_ANALYZER_SECURITY_INSECUREAPI_GETPW_GETS = YES;
				CLANG_ANALYZER_SECURITY_INSECUREAPI_MKSTEMP = YES;
				CLANG_ANALYZER_SECURITY_INSECUREAPI_RAND = YES;
				CLANG_ANALYZER_SECURITY_INSECUREAPI_STRCPY = YES;
				CLANG_ANALYZER_SECURITY_INSECUREAPI_UNCHECKEDRETURN = YES;
				CLANG_ANALYZER_SECURITY_INSECUREAPI_VFORK = YES;
				CLANG_ANALYZER_SECURITY_KEYCHAIN_API = YES;
				CLANG_CXX_LANGUAGE_STANDARD = "c++0x";
				CLANG_CXX_LIBRARY = "libc++";
				CLANG_ENABLE_MODULES = YES;
				CLANG_ENABLE_OBJC_ARC = YES;
				CLANG_STATIC_ANALYZER_MODE = deep;
				CLANG_STATIC_ANALYZER_MODE_ON_ANALYZE_ACTION = deep;
				CLANG_WARN_ASSIGN_ENUM = YES;
				CLANG_WARN_BOOL_CONVERSION = YES;
				CLANG_WARN_CONSTANT_CONVERSION = YES;
				CLANG_WARN_CXX0X_EXTENSIONS = YES;
				CLANG_WARN_DEPRECATED_OBJC_IMPLEMENTATIONS = YES;
				CLANG_WARN_DIRECT_OBJC_ISA_USAGE = YES_ERROR;
				CLANG_WARN_DOCUMENTATION_COMMENTS = YES;
				CLANG_WARN_EMPTY_BODY = YES;
				CLANG_WARN_ENUM_CONVERSION = YES;
				CLANG_WARN_IMPLICIT_SIGN_CONVERSION = YES;
				CLANG_WARN_INT_CONVERSION = YES;
				CLANG_WARN_OBJC_EXPLICIT_OWNERSHIP_TYPE = YES;
				CLANG_WARN_OBJC_IMPLICIT_ATOMIC_PROPERTIES = YES;
				CLANG_WARN_OBJC_IMPLICIT_RETAIN_SELF = YES;
				CLANG_WARN_OBJC_MISSING_PROPERTY_SYNTHESIS = NO;
				CLANG_WARN_OBJC_RECEIVER_WEAK = YES;
				CLANG_WARN_OBJC_REPEATED_USE_OF_WEAK = YES;
				CLANG_WARN_OBJC_ROOT_CLASS = YES_ERROR;
				CLANG_WARN_SUSPICIOUS_IMPLICIT_CONVERSION = YES;
				CLANG_WARN_UNREACHABLE_CODE = YES;
				CLANG_WARN__ARC_BRIDGE_CAST_NONARC = YES;
				CLANG_WARN__DUPLICATE_METHOD_MATCH = YES;
				CLANG_WARN__EXIT_TIME_DESTRUCTORS = YES;
				COPY_PHASE_STRIP = NO;
				ENABLE_STRICT_OBJC_MSGSEND = YES;
				GCC_C_LANGUAGE_STANDARD = c99;
				GCC_DYNAMIC_NO_PIC = NO;
				GCC_GENERATE_TEST_COVERAGE_FILES = YES;
				GCC_INSTRUMENT_PROGRAM_FLOW_ARCS = YES;
				GCC_OPTIMIZATION_LEVEL = 0;
				GCC_PREPROCESSOR_DEFINITIONS = (
					"DEBUG=1",
					"$(inherited)",
				);
				GCC_SYMBOLS_PRIVATE_EXTERN = NO;
				GCC_TREAT_IMPLICIT_FUNCTION_DECLARATIONS_AS_ERRORS = YES;
				GCC_TREAT_INCOMPATIBLE_POINTER_TYPE_WARNINGS_AS_ERRORS = YES;
				GCC_TREAT_WARNINGS_AS_ERRORS = YES;
				GCC_WARN_64_TO_32_BIT_CONVERSION = YES;
				GCC_WARN_ABOUT_DEPRECATED_FUNCTIONS = YES;
				GCC_WARN_ABOUT_INVALID_OFFSETOF_MACRO = YES;
				GCC_WARN_ABOUT_MISSING_FIELD_INITIALIZERS = YES;
				GCC_WARN_ABOUT_MISSING_NEWLINE = YES;
				GCC_WARN_ABOUT_MISSING_PROTOTYPES = YES;
				GCC_WARN_ABOUT_POINTER_SIGNEDNESS = YES;
				GCC_WARN_ABOUT_RETURN_TYPE = YES_ERROR;
				GCC_WARN_ALLOW_INCOMPLETE_PROTOCOL = YES;
				GCC_WARN_CHECK_SWITCH_STATEMENTS = YES;
				GCC_WARN_FOUR_CHARACTER_CONSTANTS = YES;
				GCC_WARN_HIDDEN_VIRTUAL_FUNCTIONS = YES;
				GCC_WARN_INHIBIT_ALL_WARNINGS = NO;
				GCC_WARN_INITIALIZER_NOT_FULLY_BRACKETED = YES;
				GCC_WARN_MISSING_PARENTHESES = YES;
				GCC_WARN_MULTIPLE_DEFINITION_TYPES_FOR_SELECTOR = YES;
				GCC_WARN_NON_VIRTUAL_DESTRUCTOR = YES;
				GCC_WARN_PEDANTIC = YES;
				GCC_WARN_SHADOW = YES;
				GCC_WARN_SIGN_COMPARE = YES;
				GCC_WARN_STRICT_SELECTOR_MATCH = YES;
				GCC_WARN_TYPECHECK_CALLS_TO_PRINTF = YES;
				GCC_WARN_UNDECLARED_SELECTOR = YES;
				GCC_WARN_UNINITIALIZED_AUTOS = YES_AGGRESSIVE;
				GCC_WARN_UNKNOWN_PRAGMAS = YES;
				GCC_WARN_UNUSED_FUNCTION = YES;
				GCC_WARN_UNUSED_LABEL = YES;
				GCC_WARN_UNUSED_PARAMETER = YES;
				GCC_WARN_UNUSED_VALUE = YES;
				GCC_WARN_UNUSED_VARIABLE = YES;
				MACOSX_DEPLOYMENT_TARGET = 10.7;
				MTL_ENABLE_DEBUG_INFO = YES;
				ONLY_ACTIVE_ARCH = YES;
				RUN_CLANG_STATIC_ANALYZER = YES;
				SDKROOT = macosx;
			};
			name = GCov;
		};
		054513C21A6D6247002B8F92 /* GCov */ = {
			isa = XCBuildConfiguration;
			buildSettings = {
				GCC_PRECOMPILE_PREFIX_HEADER = YES;
				GCC_PREFIX_HEADER = "xcode-coveralls/PrefixHeader.pch";
				PRODUCT_NAME = "xcode-coveralls";
			};
			name = GCov;
		};
		054513C31A6D6247002B8F92 /* GCov */ = {
			isa = XCBuildConfiguration;
			buildSettings = {
				EXECUTABLE_PREFIX = lib;
				GCC_PRECOMPILE_PREFIX_HEADER = YES;
				GCC_PREFIX_HEADER = XCC/PrefixHeader.pch;
				GCC_PREPROCESSOR_DEFINITIONS = (
					"DEBUG=1",
					"$(inherited)",
				);
				PRODUCT_NAME = "$(TARGET_NAME)";
			};
			name = GCov;
		};
		054513C41A6D6247002B8F92 /* GCov */ = {
			isa = XCBuildConfiguration;
			buildSettings = {
				COMBINE_HIDPI_IMAGES = YES;
				FRAMEWORK_SEARCH_PATHS = (
					"$(DEVELOPER_FRAMEWORKS_DIR)",
					"$(inherited)",
				);
				GCC_PRECOMPILE_PREFIX_HEADER = YES;
				GCC_PREFIX_HEADER = XCCTests/PrefixHeader.pch;
				GCC_PREPROCESSOR_DEFINITIONS = (
					"DEBUG=1",
					"$(inherited)",
				);
				INFOPLIST_FILE = XCCTests/Info.plist;
				LD_RUNPATH_SEARCH_PATHS = "$(inherited) @executable_path/../Frameworks @loader_path/../Frameworks";
				PRODUCT_NAME = "$(TARGET_NAME)";
			};
			name = GCov;
		};
/* End XCBuildConfiguration section */

/* Begin XCConfigurationList section */
		054513321A6C9FD4002B8F92 /* Build configuration list for PBXProject "xcode-coveralls" */ = {
			isa = XCConfigurationList;
			buildConfigurations = (
				0545133C1A6C9FD4002B8F92 /* Debug */,
				054513C11A6D6247002B8F92 /* GCov */,
				0545133D1A6C9FD4002B8F92 /* Release */,
			);
			defaultConfigurationIsVisible = 0;
			defaultConfigurationName = Release;
		};
		0545133E1A6C9FD4002B8F92 /* Build configuration list for PBXNativeTarget "xcode-coveralls" */ = {
			isa = XCConfigurationList;
			buildConfigurations = (
				0545133F1A6C9FD4002B8F92 /* Debug */,
				054513C21A6D6247002B8F92 /* GCov */,
				054513401A6C9FD4002B8F92 /* Release */,
			);
			defaultConfigurationIsVisible = 0;
			defaultConfigurationName = Release;
		};
		054513991A6CA92A002B8F92 /* Build configuration list for PBXNativeTarget "XCC" */ = {
			isa = XCConfigurationList;
			buildConfigurations = (
				0545139A1A6CA92A002B8F92 /* Debug */,
				054513C31A6D6247002B8F92 /* GCov */,
				0545139B1A6CA92A002B8F92 /* Release */,
			);
			defaultConfigurationIsVisible = 0;
			defaultConfigurationName = Release;
		};
		0545139C1A6CA92A002B8F92 /* Build configuration list for PBXNativeTarget "XCCTests" */ = {
			isa = XCConfigurationList;
			buildConfigurations = (
				0545139D1A6CA92A002B8F92 /* Debug */,
				054513C41A6D6247002B8F92 /* GCov */,
				0545139E1A6CA92A002B8F92 /* Release */,
			);
			defaultConfigurationIsVisible = 0;
			defaultConfigurationName = Release;
		};
/* End XCConfigurationList section */
	};
	rootObject = 0545132F1A6C9FD4002B8F92 /* Project object */;
}
