// !$*UTF8*$!
{
	archiveVersion = 1;
	classes = {
	};
	objectVersion = 46;
	objects = {

/* Begin PBXBuildFile section */
		0545133B1A6C9FD4002B8F92 /* main.m in Sources */ = {isa = PBXBuildFile; fileRef = 0545133A1A6C9FD4002B8F92 /* main.m */; };
		054513931A6CA92A002B8F92 /* libXCC.a in Frameworks */ = {isa = PBXBuildFile; fileRef = 054513881A6CA92A002B8F92 /* libXCC.a */; };
		054513A11A6CA962002B8F92 /* XCCArgumentsTests.m in Sources */ = {isa = PBXBuildFile; fileRef = 054513A01A6CA962002B8F92 /* XCCArgumentsTests.m */; };
		054513A51A6CA96E002B8F92 /* XCCArguments.m in Sources */ = {isa = PBXBuildFile; fileRef = 054513A31A6CA96E002B8F92 /* XCCArguments.m */; };
		054513A81A6CA9D3002B8F92 /* libXCC.a in Frameworks */ = {isa = PBXBuildFile; fileRef = 054513881A6CA92A002B8F92 /* libXCC.a */; };
		054513B01A6D5752002B8F92 /* XCCHelpTests.m in Sources */ = {isa = PBXBuildFile; fileRef = 054513AF1A6D5752002B8F92 /* XCCHelpTests.m */; };
		054513B41A6D57B9002B8F92 /* XCCHelp.m in Sources */ = {isa = PBXBuildFile; fileRef = 054513B21A6D57B9002B8F92 /* XCCHelp.m */; };
		054513C71A6D64C0002B8F92 /* XCCGCovHelperTests.m in Sources */ = {isa = PBXBuildFile; fileRef = 054513C61A6D64C0002B8F92 /* XCCGCovHelperTests.m */; };
		054513CB1A6D6953002B8F92 /* XCCGCovHelper.m in Sources */ = {isa = PBXBuildFile; fileRef = 054513C91A6D6953002B8F92 /* XCCGCovHelper.m */; };
		054513D31A6D7F8F002B8F92 /* XCCGCovFileTests.m in Sources */ = {isa = PBXBuildFile; fileRef = 054513D21A6D7F8F002B8F92 /* XCCGCovFileTests.m */; };
		054513D91A6D80F5002B8F92 /* XCCGCovFile.m in Sources */ = {isa = PBXBuildFile; fileRef = 054513D71A6D80F5002B8F92 /* XCCGCovFile.m */; };
		054513E01A6D8DFD002B8F92 /* XCCGCovFileLine.m in Sources */ = {isa = PBXBuildFile; fileRef = 054513DE1A6D8DFD002B8F92 /* XCCGCovFileLine.m */; };
		054513F21A6D9A2A002B8F92 /* test.gcda in Resources */ = {isa = PBXBuildFile; fileRef = 054513EE1A6D9A22002B8F92 /* test.gcda */; };
		054513F31A6D9A2A002B8F92 /* test.gcno in Resources */ = {isa = PBXBuildFile; fileRef = 054513EF1A6D9A22002B8F92 /* test.gcno */; };
		054513F41A6D9A2A002B8F92 /* test in Resources */ = {isa = PBXBuildFile; fileRef = 054513F01A6D9A22002B8F92 /* test */; };
		054513F51A6D9A2A002B8F92 /* test.m.gcov in Resources */ = {isa = PBXBuildFile; fileRef = 054513F11A6D9A22002B8F92 /* test.m.gcov */; };
		054513F91A6DA9A0002B8F92 /* XCCCoverallsRequest.m in Sources */ = {isa = PBXBuildFile; fileRef = 054513F71A6DA9A0002B8F92 /* XCCCoverallsRequest.m */; };
		054D7D491B46DEC3006AFF67 /* XCCGCovFileLineTests.m in Sources */ = {isa = PBXBuildFile; fileRef = 054D7D481B46DEC3006AFF67 /* XCCGCovFileLineTests.m */; };
		0552BFAC1A6EE7FA007F1099 /* XCCCoverallsRequestTests.m in Sources */ = {isa = PBXBuildFile; fileRef = 0552BFAB1A6EE7FA007F1099 /* XCCCoverallsRequestTests.m */; };
		058258C71AA30F780024B3AE /* XCCGitInfoTests.m in Sources */ = {isa = PBXBuildFile; fileRef = 058258C61AA30F780024B3AE /* XCCGitInfoTests.m */; };
		058258C91AA310B20024B3AE /* repos in Resources */ = {isa = PBXBuildFile; fileRef = 058258C81AA310B20024B3AE /* repos */; };
		058258CC1AA316B30024B3AE /* XCCGitInfo.h in Headers */ = {isa = PBXBuildFile; fileRef = 058258CA1AA316B30024B3AE /* XCCGitInfo.h */; };
		058258CD1AA316B30024B3AE /* XCCGitInfo.m in Sources */ = {isa = PBXBuildFile; fileRef = 058258CB1AA316B30024B3AE /* XCCGitInfo.m */; };
		058258CF1AA31E0D0024B3AE /* libiconv.dylib in Frameworks */ = {isa = PBXBuildFile; fileRef = 058258CE1AA31E0D0024B3AE /* libiconv.dylib */; };
		058258D01AA31E140024B3AE /* libiconv.dylib in Frameworks */ = {isa = PBXBuildFile; fileRef = 058258CE1AA31E0D0024B3AE /* libiconv.dylib */; };
		058258D21AA31E3C0024B3AE /* libcrypto.dylib in Frameworks */ = {isa = PBXBuildFile; fileRef = 058258D11AA31E3C0024B3AE /* libcrypto.dylib */; };
		058258D41AA31E4B0024B3AE /* libz.dylib in Frameworks */ = {isa = PBXBuildFile; fileRef = 058258D31AA31E4B0024B3AE /* libz.dylib */; };
		058258D61AA31E5B0024B3AE /* libssl.dylib in Frameworks */ = {isa = PBXBuildFile; fileRef = 058258D51AA31E5B0024B3AE /* libssl.dylib */; };
		058258D91AA31E730024B3AE /* libz.dylib in Frameworks */ = {isa = PBXBuildFile; fileRef = 058258D31AA31E4B0024B3AE /* libz.dylib */; };
/* End PBXBuildFile section */

/* Begin PBXContainerItemProxy section */
		054513941A6CA92A002B8F92 /* PBXContainerItemProxy */ = {
			isa = PBXContainerItemProxy;
			containerPortal = 0545132F1A6C9FD4002B8F92 /* Project object */;
			proxyType = 1;
			remoteGlobalIDString = 054513871A6CA92A002B8F92;
			remoteInfo = XCC;
		};
		054513A61A6CA9CF002B8F92 /* PBXContainerItemProxy */ = {
			isa = PBXContainerItemProxy;
			containerPortal = 0545132F1A6C9FD4002B8F92 /* Project object */;
			proxyType = 1;
			remoteGlobalIDString = 054513871A6CA92A002B8F92;
			remoteInfo = XCC;
		};
/* End PBXContainerItemProxy section */

/* Begin PBXCopyFilesBuildPhase section */
		054513351A6C9FD4002B8F92 /* CopyFiles */ = {
			isa = PBXCopyFilesBuildPhase;
			buildActionMask = 2147483647;
			dstPath = /usr/share/man/man1/;
			dstSubfolderSpec = 0;
			files = (
			);
			runOnlyForDeploymentPostprocessing = 1;
		};
/* End PBXCopyFilesBuildPhase section */

/* Begin PBXFileReference section */
		054513371A6C9FD4002B8F92 /* xcode-coveralls */ = {isa = PBXFileReference; explicitFileType = "compiled.mach-o.executable"; includeInIndex = 0; path = "xcode-coveralls"; sourceTree = BUILT_PRODUCTS_DIR; };
		0545133A1A6C9FD4002B8F92 /* main.m */ = {isa = PBXFileReference; lastKnownFileType = sourcecode.c.objc; path = main.m; sourceTree = "<group>"; };
		054513881A6CA92A002B8F92 /* libXCC.a */ = {isa = PBXFileReference; explicitFileType = archive.ar; includeInIndex = 0; path = libXCC.a; sourceTree = BUILT_PRODUCTS_DIR; };
		0545138A1A6CA92A002B8F92 /* XCC.h */ = {isa = PBXFileReference; lastKnownFileType = sourcecode.c.h; path = XCC.h; sourceTree = "<group>"; };
		054513921A6CA92A002B8F92 /* XCCTests.xctest */ = {isa = PBXFileReference; explicitFileType = wrapper.cfbundle; includeInIndex = 0; path = XCCTests.xctest; sourceTree = BUILT_PRODUCTS_DIR; };
		054513981A6CA92A002B8F92 /* Info.plist */ = {isa = PBXFileReference; lastKnownFileType = text.plist.xml; path = Info.plist; sourceTree = "<group>"; };
		054513A01A6CA962002B8F92 /* XCCArgumentsTests.m */ = {isa = PBXFileReference; fileEncoding = 4; lastKnownFileType = sourcecode.c.objc; path = XCCArgumentsTests.m; sourceTree = "<group>"; };
		054513A21A6CA96E002B8F92 /* XCCArguments.h */ = {isa = PBXFileReference; fileEncoding = 4; lastKnownFileType = sourcecode.c.h; path = XCCArguments.h; sourceTree = "<group>"; };
		054513A31A6CA96E002B8F92 /* XCCArguments.m */ = {isa = PBXFileReference; fileEncoding = 4; lastKnownFileType = sourcecode.c.objc; path = XCCArguments.m; sourceTree = "<group>"; };
		054513AC1A6D55EC002B8F92 /* README.md */ = {isa = PBXFileReference; fileEncoding = 4; lastKnownFileType = net.daringfireball.markdown; path = README.md; sourceTree = "<group>"; };
		054513AF1A6D5752002B8F92 /* XCCHelpTests.m */ = {isa = PBXFileReference; fileEncoding = 4; lastKnownFileType = sourcecode.c.objc; path = XCCHelpTests.m; sourceTree = "<group>"; };
		054513B11A6D57B9002B8F92 /* XCCHelp.h */ = {isa = PBXFileReference; fileEncoding = 4; lastKnownFileType = sourcecode.c.h; path = XCCHelp.h; sourceTree = "<group>"; };
		054513B21A6D57B9002B8F92 /* XCCHelp.m */ = {isa = PBXFileReference; fileEncoding = 4; lastKnownFileType = sourcecode.c.objc; path = XCCHelp.m; sourceTree = "<group>"; };
		054513C61A6D64C0002B8F92 /* XCCGCovHelperTests.m */ = {isa = PBXFileReference; fileEncoding = 4; lastKnownFileType = sourcecode.c.objc; path = XCCGCovHelperTests.m; sourceTree = "<group>"; };
		054513C81A6D6953002B8F92 /* XCCGCovHelper.h */ = {isa = PBXFileReference; fileEncoding = 4; lastKnownFileType = sourcecode.c.h; path = XCCGCovHelper.h; sourceTree = "<group>"; };
		054513C91A6D6953002B8F92 /* XCCGCovHelper.m */ = {isa = PBXFileReference; fileEncoding = 4; lastKnownFileType = sourcecode.c.objc; path = XCCGCovHelper.m; sourceTree = "<group>"; };
		054513D21A6D7F8F002B8F92 /* XCCGCovFileTests.m */ = {isa = PBXFileReference; fileEncoding = 4; lastKnownFileType = sourcecode.c.objc; path = XCCGCovFileTests.m; sourceTree = "<group>"; };
		054513D61A6D80F5002B8F92 /* XCCGCovFile.h */ = {isa = PBXFileReference; fileEncoding = 4; lastKnownFileType = sourcecode.c.h; path = XCCGCovFile.h; sourceTree = "<group>"; };
		054513D71A6D80F5002B8F92 /* XCCGCovFile.m */ = {isa = PBXFileReference; fileEncoding = 4; lastKnownFileType = sourcecode.c.objc; path = XCCGCovFile.m; sourceTree = "<group>"; };
		054513DD1A6D8DFD002B8F92 /* XCCGCovFileLine.h */ = {isa = PBXFileReference; fileEncoding = 4; lastKnownFileType = sourcecode.c.h; path = XCCGCovFileLine.h; sourceTree = "<group>"; };
		054513DE1A6D8DFD002B8F92 /* XCCGCovFileLine.m */ = {isa = PBXFileReference; fileEncoding = 4; lastKnownFileType = sourcecode.c.objc; path = XCCGCovFileLine.m; sourceTree = "<group>"; };
		054513EE1A6D9A22002B8F92 /* test.gcda */ = {isa = PBXFileReference; lastKnownFileType = file; path = test.gcda; sourceTree = "<group>"; };
		054513EF1A6D9A22002B8F92 /* test.gcno */ = {isa = PBXFileReference; lastKnownFileType = file; path = test.gcno; sourceTree = "<group>"; };
		054513F01A6D9A22002B8F92 /* test */ = {isa = PBXFileReference; lastKnownFileType = text; path = test; sourceTree = "<group>"; };
		054513F11A6D9A22002B8F92 /* test.m.gcov */ = {isa = PBXFileReference; lastKnownFileType = text; path = test.m.gcov; sourceTree = "<group>"; };
		054513F61A6DA9A0002B8F92 /* XCCCoverallsRequest.h */ = {isa = PBXFileReference; fileEncoding = 4; lastKnownFileType = sourcecode.c.h; path = XCCCoverallsRequest.h; sourceTree = "<group>"; };
		054513F71A6DA9A0002B8F92 /* XCCCoverallsRequest.m */ = {isa = PBXFileReference; fileEncoding = 4; lastKnownFileType = sourcecode.c.objc; path = XCCCoverallsRequest.m; sourceTree = "<group>"; };
		054D7D481B46DEC3006AFF67 /* XCCGCovFileLineTests.m */ = {isa = PBXFileReference; fileEncoding = 4; lastKnownFileType = sourcecode.c.objc; path = XCCGCovFileLineTests.m; sourceTree = "<group>"; };
		0552BFA41A6ED80A007F1099 /* coveralls.sh */ = {isa = PBXFileReference; fileEncoding = 4; lastKnownFileType = text.script.sh; path = coveralls.sh; sourceTree = "<group>"; };
		0552BFAB1A6EE7FA007F1099 /* XCCCoverallsRequestTests.m */ = {isa = PBXFileReference; fileEncoding = 4; lastKnownFileType = sourcecode.c.objc; path = XCCCoverallsRequestTests.m; sourceTree = "<group>"; };
		058258C61AA30F780024B3AE /* XCCGitInfoTests.m */ = {isa = PBXFileReference; fileEncoding = 4; lastKnownFileType = sourcecode.c.objc; path = XCCGitInfoTests.m; sourceTree = "<group>"; };
		058258C81AA310B20024B3AE /* repos */ = {isa = PBXFileReference; lastKnownFileType = folder; path = repos; sourceTree = "<group>"; };
		058258CA1AA316B30024B3AE /* XCCGitInfo.h */ = {isa = PBXFileReference; fileEncoding = 4; lastKnownFileType = sourcecode.c.h; path = XCCGitInfo.h; sourceTree = "<group>"; };
		058258CB1AA316B30024B3AE /* XCCGitInfo.m */ = {isa = PBXFileReference; fileEncoding = 4; lastKnownFileType = sourcecode.c.objc; path = XCCGitInfo.m; sourceTree = "<group>"; };
		058258CE1AA31E0D0024B3AE /* libiconv.dylib */ = {isa = PBXFileReference; lastKnownFileType = "compiled.mach-o.dylib"; name = libiconv.dylib; path = usr/lib/libiconv.dylib; sourceTree = SDKROOT; };
		058258D11AA31E3C0024B3AE /* libcrypto.dylib */ = {isa = PBXFileReference; lastKnownFileType = "compiled.mach-o.dylib"; name = libcrypto.dylib; path = usr/lib/libcrypto.dylib; sourceTree = SDKROOT; };
		058258D31AA31E4B0024B3AE /* libz.dylib */ = {isa = PBXFileReference; lastKnownFileType = "compiled.mach-o.dylib"; name = libz.dylib; path = usr/lib/libz.dylib; sourceTree = SDKROOT; };
		058258D51AA31E5B0024B3AE /* libssl.dylib */ = {isa = PBXFileReference; lastKnownFileType = "compiled.mach-o.dylib"; name = libssl.dylib; path = usr/lib/libssl.dylib; sourceTree = SDKROOT; };
		05C022B820CB1351008F622D /* Release - ccache.xcconfig */ = {isa = PBXFileReference; lastKnownFileType = text.xcconfig; path = "Release - ccache.xcconfig"; sourceTree = "<group>"; };
		05C022B920CB1351008F622D /* Common.xcconfig */ = {isa = PBXFileReference; lastKnownFileType = text.xcconfig; path = Common.xcconfig; sourceTree = "<group>"; };
		05C022BA20CB1351008F622D /* Debug - ccache.xcconfig */ = {isa = PBXFileReference; lastKnownFileType = text.xcconfig; path = "Debug - ccache.xcconfig"; sourceTree = "<group>"; };
		05C022BB20CB1351008F622D /* Debug.xcconfig */ = {isa = PBXFileReference; lastKnownFileType = text.xcconfig; path = Debug.xcconfig; sourceTree = "<group>"; };
		05C022BC20CB1351008F622D /* Release.xcconfig */ = {isa = PBXFileReference; lastKnownFileType = text.xcconfig; path = Release.xcconfig; sourceTree = "<group>"; };
		05C022BD20CB1351008F622D /* README.md */ = {isa = PBXFileReference; lastKnownFileType = net.daringfireball.markdown; path = README.md; sourceTree = "<group>"; };
		05C022BF20CB1351008F622D /* Signing.xcconfig */ = {isa = PBXFileReference; lastKnownFileType = text.xcconfig; path = Signing.xcconfig; sourceTree = "<group>"; };
		05C022C020CB1351008F622D /* Architectures.xcconfig */ = {isa = PBXFileReference; lastKnownFileType = text.xcconfig; path = Architectures.xcconfig; sourceTree = "<group>"; };
		05C022C220CB1351008F622D /* Issues.xcconfig */ = {isa = PBXFileReference; lastKnownFileType = text.xcconfig; path = Issues.xcconfig; sourceTree = "<group>"; };
		05C022C420CB1351008F622D /* Apple-APIs.xcconfig */ = {isa = PBXFileReference; lastKnownFileType = text.xcconfig; path = "Apple-APIs.xcconfig"; sourceTree = "<group>"; };
		05C022C520CB1351008F622D /* Generic-Issues.xcconfig */ = {isa = PBXFileReference; lastKnownFileType = text.xcconfig; path = "Generic-Issues.xcconfig"; sourceTree = "<group>"; };
		05C022C620CB1351008F622D /* Security.xcconfig */ = {isa = PBXFileReference; lastKnownFileType = text.xcconfig; path = Security.xcconfig; sourceTree = "<group>"; };
		05C022C720CB1351008F622D /* Objective-C.xcconfig */ = {isa = PBXFileReference; lastKnownFileType = text.xcconfig; path = "Objective-C.xcconfig"; sourceTree = "<group>"; };
		05C022C820CB1351008F622D /* Analysis-Policy.xcconfig */ = {isa = PBXFileReference; lastKnownFileType = text.xcconfig; path = "Analysis-Policy.xcconfig"; sourceTree = "<group>"; };
		05C022C920CB1351008F622D /* Deployment.xcconfig */ = {isa = PBXFileReference; lastKnownFileType = text.xcconfig; path = Deployment.xcconfig; sourceTree = "<group>"; };
		05C022CA20CB1351008F622D /* Build-Options.xcconfig */ = {isa = PBXFileReference; lastKnownFileType = text.xcconfig; path = "Build-Options.xcconfig"; sourceTree = "<group>"; };
		05C022CB20CB1351008F622D /* Swift-Compiler.xcconfig */ = {isa = PBXFileReference; lastKnownFileType = text.xcconfig; path = "Swift-Compiler.xcconfig"; sourceTree = "<group>"; };
		05C022CC20CB1351008F622D /* Static-Analyzer.xcconfig */ = {isa = PBXFileReference; lastKnownFileType = text.xcconfig; path = "Static-Analyzer.xcconfig"; sourceTree = "<group>"; };
		05C022CE20CB1351008F622D /* Warnings-Policies.xcconfig */ = {isa = PBXFileReference; lastKnownFileType = text.xcconfig; path = "Warnings-Policies.xcconfig"; sourceTree = "<group>"; };
		05C022CF20CB1351008F622D /* Code-Generation.xcconfig */ = {isa = PBXFileReference; lastKnownFileType = text.xcconfig; path = "Code-Generation.xcconfig"; sourceTree = "<group>"; };
		05C022D020CB1351008F622D /* Language.xcconfig */ = {isa = PBXFileReference; lastKnownFileType = text.xcconfig; path = Language.xcconfig; sourceTree = "<group>"; };
		05C022D120CB1351008F622D /* General.xcconfig */ = {isa = PBXFileReference; lastKnownFileType = text.xcconfig; path = General.xcconfig; sourceTree = "<group>"; };
		05C022D220CB1351008F622D /* Search-Paths.xcconfig */ = {isa = PBXFileReference; lastKnownFileType = text.xcconfig; path = "Search-Paths.xcconfig"; sourceTree = "<group>"; };
		05C022D320CB1351008F622D /* Apple-LLVM.xcconfig */ = {isa = PBXFileReference; lastKnownFileType = text.xcconfig; path = "Apple-LLVM.xcconfig"; sourceTree = "<group>"; };
		05C022D620CB1351008F622D /* Modules.xcconfig */ = {isa = PBXFileReference; lastKnownFileType = text.xcconfig; path = Modules.xcconfig; sourceTree = "<group>"; };
		05C022D720CB1351008F622D /* Objective-C.xcconfig */ = {isa = PBXFileReference; lastKnownFileType = text.xcconfig; path = "Objective-C.xcconfig"; sourceTree = "<group>"; };
		05C022D820CB1351008F622D /* C++.xcconfig */ = {isa = PBXFileReference; lastKnownFileType = text.xcconfig; path = "C++.xcconfig"; sourceTree = "<group>"; };
		05C022D920CB1351008F622D /* Code-Generation.xcconfig */ = {isa = PBXFileReference; lastKnownFileType = text.xcconfig; path = "Code-Generation.xcconfig"; sourceTree = "<group>"; };
		05C022DA20CB1351008F622D /* Address-Sanitizer.xcconfig */ = {isa = PBXFileReference; lastKnownFileType = text.xcconfig; path = "Address-Sanitizer.xcconfig"; sourceTree = "<group>"; };
		05C022DB20CB1351008F622D /* Language.xcconfig */ = {isa = PBXFileReference; lastKnownFileType = text.xcconfig; path = Language.xcconfig; sourceTree = "<group>"; };
		05C022DC20CB1351008F622D /* Warnings.xcconfig */ = {isa = PBXFileReference; lastKnownFileType = text.xcconfig; path = Warnings.xcconfig; sourceTree = "<group>"; };
		05C022DD20CB1351008F622D /* Undefined-Behavior-Sanitizer.xcconfig */ = {isa = PBXFileReference; lastKnownFileType = text.xcconfig; path = "Undefined-Behavior-Sanitizer.xcconfig"; sourceTree = "<group>"; };
		05C022DE20CB1351008F622D /* Warning-Policies.xcconfig */ = {isa = PBXFileReference; lastKnownFileType = text.xcconfig; path = "Warning-Policies.xcconfig"; sourceTree = "<group>"; };
		05C022E020CB1351008F622D /* Objective-C-ARC.xcconfig */ = {isa = PBXFileReference; lastKnownFileType = text.xcconfig; path = "Objective-C-ARC.xcconfig"; sourceTree = "<group>"; };
		05C022E120CB1351008F622D /* Objective-C.xcconfig */ = {isa = PBXFileReference; lastKnownFileType = text.xcconfig; path = "Objective-C.xcconfig"; sourceTree = "<group>"; };
		05C022E220CB1351008F622D /* C++.xcconfig */ = {isa = PBXFileReference; lastKnownFileType = text.xcconfig; path = "C++.xcconfig"; sourceTree = "<group>"; };
		05C022E320CB1351008F622D /* All-Languages.xcconfig */ = {isa = PBXFileReference; lastKnownFileType = text.xcconfig; path = "All-Languages.xcconfig"; sourceTree = "<group>"; };
		05C022E420CB1351008F622D /* Preprocessing.xcconfig */ = {isa = PBXFileReference; lastKnownFileType = text.xcconfig; path = Preprocessing.xcconfig; sourceTree = "<group>"; };
		05C022E520CB1351008F622D /* .gitignore */ = {isa = PBXFileReference; lastKnownFileType = text; path = .gitignore; sourceTree = "<group>"; };
		05C022E720CB1351008F622D /* ccache-config.sh */ = {isa = PBXFileReference; lastKnownFileType = text.script.sh; path = "ccache-config.sh"; sourceTree = "<group>"; };
		05C022E820CB1351008F622D /* ccache.sh */ = {isa = PBXFileReference; lastKnownFileType = text.script.sh; path = ccache.sh; sourceTree = "<group>"; };
/* End PBXFileReference section */

/* Begin PBXFrameworksBuildPhase section */
		054513341A6C9FD4002B8F92 /* Frameworks */ = {
			isa = PBXFrameworksBuildPhase;
			buildActionMask = 2147483647;
			files = (
				058258D91AA31E730024B3AE /* libz.dylib in Frameworks */,
				058258CF1AA31E0D0024B3AE /* libiconv.dylib in Frameworks */,
				054513A81A6CA9D3002B8F92 /* libXCC.a in Frameworks */,
			);
			runOnlyForDeploymentPostprocessing = 0;
		};
		054513851A6CA92A002B8F92 /* Frameworks */ = {
			isa = PBXFrameworksBuildPhase;
			buildActionMask = 2147483647;
			files = (
			);
			runOnlyForDeploymentPostprocessing = 0;
		};
		0545138F1A6CA92A002B8F92 /* Frameworks */ = {
			isa = PBXFrameworksBuildPhase;
			buildActionMask = 2147483647;
			files = (
				058258D61AA31E5B0024B3AE /* libssl.dylib in Frameworks */,
				058258D41AA31E4B0024B3AE /* libz.dylib in Frameworks */,
				058258D21AA31E3C0024B3AE /* libcrypto.dylib in Frameworks */,
				058258D01AA31E140024B3AE /* libiconv.dylib in Frameworks */,
				054513931A6CA92A002B8F92 /* libXCC.a in Frameworks */,
			);
			runOnlyForDeploymentPostprocessing = 0;
		};
/* End PBXFrameworksBuildPhase section */

/* Begin PBXGroup section */
		0545132E1A6C9FD4002B8F92 = {
			isa = PBXGroup;
			children = (
				054513AC1A6D55EC002B8F92 /* README.md */,
				05C022B720CB1351008F622D /* xcconfig */,
				054513391A6C9FD4002B8F92 /* xcode-coverall */,
				054513891A6CA92A002B8F92 /* XCC */,
				054513961A6CA92A002B8F92 /* XCCTests */,
				0552BFA21A6ED80A007F1099 /* Scripts */,
				058258DA1AA323090024B3AE /* Frameworks */,
				054513381A6C9FD4002B8F92 /* Products */,
			);
			sourceTree = "<group>";
		};
		054513381A6C9FD4002B8F92 /* Products */ = {
			isa = PBXGroup;
			children = (
				054513371A6C9FD4002B8F92 /* xcode-coveralls */,
				054513881A6CA92A002B8F92 /* libXCC.a */,
				054513921A6CA92A002B8F92 /* XCCTests.xctest */,
			);
			name = Products;
			sourceTree = "<group>";
		};
		054513391A6C9FD4002B8F92 /* xcode-coverall */ = {
			isa = PBXGroup;
			children = (
				0545133A1A6C9FD4002B8F92 /* main.m */,
			);
			name = "xcode-coverall";
			path = "xcode-coveralls";
			sourceTree = "<group>";
		};
		054513891A6CA92A002B8F92 /* XCC */ = {
			isa = PBXGroup;
			children = (
				0545138A1A6CA92A002B8F92 /* XCC.h */,
				054513A21A6CA96E002B8F92 /* XCCArguments.h */,
				054513A31A6CA96E002B8F92 /* XCCArguments.m */,
				054513B11A6D57B9002B8F92 /* XCCHelp.h */,
				054513B21A6D57B9002B8F92 /* XCCHelp.m */,
				054513C81A6D6953002B8F92 /* XCCGCovHelper.h */,
				054513C91A6D6953002B8F92 /* XCCGCovHelper.m */,
				054513D61A6D80F5002B8F92 /* XCCGCovFile.h */,
				054513D71A6D80F5002B8F92 /* XCCGCovFile.m */,
				054513DD1A6D8DFD002B8F92 /* XCCGCovFileLine.h */,
				054513DE1A6D8DFD002B8F92 /* XCCGCovFileLine.m */,
				054513F61A6DA9A0002B8F92 /* XCCCoverallsRequest.h */,
				054513F71A6DA9A0002B8F92 /* XCCCoverallsRequest.m */,
				058258CA1AA316B30024B3AE /* XCCGitInfo.h */,
				058258CB1AA316B30024B3AE /* XCCGitInfo.m */,
			);
			path = XCC;
			sourceTree = "<group>";
		};
		054513961A6CA92A002B8F92 /* XCCTests */ = {
			isa = PBXGroup;
			children = (
				054513A01A6CA962002B8F92 /* XCCArgumentsTests.m */,
				054513AF1A6D5752002B8F92 /* XCCHelpTests.m */,
				054513C61A6D64C0002B8F92 /* XCCGCovHelperTests.m */,
				054513D21A6D7F8F002B8F92 /* XCCGCovFileTests.m */,
				054D7D481B46DEC3006AFF67 /* XCCGCovFileLineTests.m */,
				0552BFAB1A6EE7FA007F1099 /* XCCCoverallsRequestTests.m */,
				058258C61AA30F780024B3AE /* XCCGitInfoTests.m */,
				054513971A6CA92A002B8F92 /* Supporting Files */,
			);
			path = XCCTests;
			sourceTree = "<group>";
		};
		054513971A6CA92A002B8F92 /* Supporting Files */ = {
			isa = PBXGroup;
			children = (
				058258C81AA310B20024B3AE /* repos */,
				054513CC1A6D76B5002B8F92 /* gcov */,
				054513981A6CA92A002B8F92 /* Info.plist */,
			);
			name = "Supporting Files";
			sourceTree = "<group>";
		};
		054513CC1A6D76B5002B8F92 /* gcov */ = {
			isa = PBXGroup;
			children = (
				054513EE1A6D9A22002B8F92 /* test.gcda */,
				054513EF1A6D9A22002B8F92 /* test.gcno */,
				054513F01A6D9A22002B8F92 /* test */,
				054513F11A6D9A22002B8F92 /* test.m.gcov */,
			);
			path = gcov;
			sourceTree = "<group>";
		};
		0552BFA21A6ED80A007F1099 /* Scripts */ = {
			isa = PBXGroup;
			children = (
				0552BFA41A6ED80A007F1099 /* coveralls.sh */,
			);
			path = Scripts;
			sourceTree = "<group>";
		};
		058258DA1AA323090024B3AE /* Frameworks */ = {
			isa = PBXGroup;
			children = (
				058258D51AA31E5B0024B3AE /* libssl.dylib */,
				058258D31AA31E4B0024B3AE /* libz.dylib */,
				058258D11AA31E3C0024B3AE /* libcrypto.dylib */,
				058258CE1AA31E0D0024B3AE /* libiconv.dylib */,
			);
			name = Frameworks;
			sourceTree = "<group>";
		};
		05C022B720CB1351008F622D /* xcconfig */ = {
			isa = PBXGroup;
			children = (
				05C022B820CB1351008F622D /* Release - ccache.xcconfig */,
				05C022B920CB1351008F622D /* Common.xcconfig */,
				05C022BA20CB1351008F622D /* Debug - ccache.xcconfig */,
				05C022BB20CB1351008F622D /* Debug.xcconfig */,
				05C022BC20CB1351008F622D /* Release.xcconfig */,
				05C022BD20CB1351008F622D /* README.md */,
				05C022BE20CB1351008F622D /* Common */,
				05C022E520CB1351008F622D /* .gitignore */,
				05C022E620CB1351008F622D /* Scripts */,
			);
			name = xcconfig;
			path = Submodules/xcconfig;
			sourceTree = "<group>";
		};
		05C022BE20CB1351008F622D /* Common */ = {
			isa = PBXGroup;
			children = (
				05C022BF20CB1351008F622D /* Signing.xcconfig */,
				05C022C020CB1351008F622D /* Architectures.xcconfig */,
				05C022C120CB1351008F622D /* Static-Analyzer */,
				05C022C920CB1351008F622D /* Deployment.xcconfig */,
				05C022CA20CB1351008F622D /* Build-Options.xcconfig */,
				05C022CB20CB1351008F622D /* Swift-Compiler.xcconfig */,
				05C022CC20CB1351008F622D /* Static-Analyzer.xcconfig */,
				05C022CD20CB1351008F622D /* Swift-Compiler */,
				05C022D220CB1351008F622D /* Search-Paths.xcconfig */,
				05C022D320CB1351008F622D /* Apple-LLVM.xcconfig */,
				05C022D420CB1351008F622D /* Apple-LLVM */,
			);
			path = Common;
			sourceTree = "<group>";
		};
		05C022C120CB1351008F622D /* Static-Analyzer */ = {
			isa = PBXGroup;
			children = (
				05C022C220CB1351008F622D /* Issues.xcconfig */,
				05C022C320CB1351008F622D /* Issues */,
			);
			path = "Static-Analyzer";
			sourceTree = "<group>";
		};
		05C022C320CB1351008F622D /* Issues */ = {
			isa = PBXGroup;
			children = (
				05C022C420CB1351008F622D /* Apple-APIs.xcconfig */,
				05C022C520CB1351008F622D /* Generic-Issues.xcconfig */,
				05C022C620CB1351008F622D /* Security.xcconfig */,
				05C022C720CB1351008F622D /* Objective-C.xcconfig */,
				05C022C820CB1351008F622D /* Analysis-Policy.xcconfig */,
			);
			path = Issues;
			sourceTree = "<group>";
		};
		05C022CD20CB1351008F622D /* Swift-Compiler */ = {
			isa = PBXGroup;
			children = (
				05C022CE20CB1351008F622D /* Warnings-Policies.xcconfig */,
				05C022CF20CB1351008F622D /* Code-Generation.xcconfig */,
				05C022D020CB1351008F622D /* Language.xcconfig */,
				05C022D120CB1351008F622D /* General.xcconfig */,
			);
			path = "Swift-Compiler";
			sourceTree = "<group>";
		};
		05C022D420CB1351008F622D /* Apple-LLVM */ = {
			isa = PBXGroup;
			children = (
				05C022D520CB1351008F622D /* Language */,
				05C022D920CB1351008F622D /* Code-Generation.xcconfig */,
				05C022DA20CB1351008F622D /* Address-Sanitizer.xcconfig */,
				05C022DB20CB1351008F622D /* Language.xcconfig */,
				05C022DC20CB1351008F622D /* Warnings.xcconfig */,
				05C022DD20CB1351008F622D /* Undefined-Behavior-Sanitizer.xcconfig */,
				05C022DE20CB1351008F622D /* Warning-Policies.xcconfig */,
				05C022DF20CB1351008F622D /* Warnings */,
				05C022E420CB1351008F622D /* Preprocessing.xcconfig */,
			);
			path = "Apple-LLVM";
			sourceTree = "<group>";
		};
		05C022D520CB1351008F622D /* Language */ = {
			isa = PBXGroup;
			children = (
				05C022D620CB1351008F622D /* Modules.xcconfig */,
				05C022D720CB1351008F622D /* Objective-C.xcconfig */,
				05C022D820CB1351008F622D /* C++.xcconfig */,
			);
			path = Language;
			sourceTree = "<group>";
		};
		05C022DF20CB1351008F622D /* Warnings */ = {
			isa = PBXGroup;
			children = (
				05C022E020CB1351008F622D /* Objective-C-ARC.xcconfig */,
				05C022E120CB1351008F622D /* Objective-C.xcconfig */,
				05C022E220CB1351008F622D /* C++.xcconfig */,
				05C022E320CB1351008F622D /* All-Languages.xcconfig */,
			);
			path = Warnings;
			sourceTree = "<group>";
		};
		05C022E620CB1351008F622D /* Scripts */ = {
			isa = PBXGroup;
			children = (
				05C022E720CB1351008F622D /* ccache-config.sh */,
				05C022E820CB1351008F622D /* ccache.sh */,
			);
			path = Scripts;
			sourceTree = "<group>";
		};
/* End PBXGroup section */

/* Begin PBXHeadersBuildPhase section */
		054513861A6CA92A002B8F92 /* Headers */ = {
			isa = PBXHeadersBuildPhase;
			buildActionMask = 2147483647;
			files = (
				058258CC1AA316B30024B3AE /* XCCGitInfo.h in Headers */,
			);
			runOnlyForDeploymentPostprocessing = 0;
		};
/* End PBXHeadersBuildPhase section */

/* Begin PBXNativeTarget section */
		054513361A6C9FD4002B8F92 /* xcode-coveralls */ = {
			isa = PBXNativeTarget;
			buildConfigurationList = 0545133E1A6C9FD4002B8F92 /* Build configuration list for PBXNativeTarget "xcode-coveralls" */;
			buildPhases = (
				054513331A6C9FD4002B8F92 /* Sources */,
				054513341A6C9FD4002B8F92 /* Frameworks */,
				054513351A6C9FD4002B8F92 /* CopyFiles */,
			);
			buildRules = (
			);
			dependencies = (
				054513A71A6CA9CF002B8F92 /* PBXTargetDependency */,
			);
			name = "xcode-coveralls";
			productName = xcodecoverall;
			productReference = 054513371A6C9FD4002B8F92 /* xcode-coveralls */;
			productType = "com.apple.product-type.tool";
		};
		054513871A6CA92A002B8F92 /* XCC */ = {
			isa = PBXNativeTarget;
			buildConfigurationList = 054513991A6CA92A002B8F92 /* Build configuration list for PBXNativeTarget "XCC" */;
			buildPhases = (
				054513841A6CA92A002B8F92 /* Sources */,
				054513851A6CA92A002B8F92 /* Frameworks */,
				054513861A6CA92A002B8F92 /* Headers */,
				0552BFA11A6ED717007F1099 /* ShellScript */,
			);
			buildRules = (
			);
			dependencies = (
			);
			name = XCC;
			productName = XCC;
			productReference = 054513881A6CA92A002B8F92 /* libXCC.a */;
			productType = "com.apple.product-type.library.static";
		};
		054513911A6CA92A002B8F92 /* XCCTests */ = {
			isa = PBXNativeTarget;
			buildConfigurationList = 0545139C1A6CA92A002B8F92 /* Build configuration list for PBXNativeTarget "XCCTests" */;
			buildPhases = (
				0545138E1A6CA92A002B8F92 /* Sources */,
				0545138F1A6CA92A002B8F92 /* Frameworks */,
				054513901A6CA92A002B8F92 /* Resources */,
			);
			buildRules = (
			);
			dependencies = (
				054513951A6CA92A002B8F92 /* PBXTargetDependency */,
			);
			name = XCCTests;
			productName = XCCTests;
			productReference = 054513921A6CA92A002B8F92 /* XCCTests.xctest */;
			productType = "com.apple.product-type.bundle.unit-test";
		};
/* End PBXNativeTarget section */

/* Begin PBXProject section */
		0545132F1A6C9FD4002B8F92 /* Project object */ = {
			isa = PBXProject;
			attributes = {
				LastUpgradeCheck = 0900;
				ORGANIZATIONNAME = "XS-Labs";
				TargetAttributes = {
					054513361A6C9FD4002B8F92 = {
						CreatedOnToolsVersion = 6.1.1;
						DevelopmentTeam = 326Y53CJMD;
						ProvisioningStyle = Automatic;
					};
					054513871A6CA92A002B8F92 = {
						CreatedOnToolsVersion = 6.1.1;
						DevelopmentTeam = 326Y53CJMD;
						ProvisioningStyle = Automatic;
					};
					054513911A6CA92A002B8F92 = {
						CreatedOnToolsVersion = 6.1.1;
						DevelopmentTeam = 326Y53CJMD;
						ProvisioningStyle = Automatic;
					};
				};
			};
			buildConfigurationList = 054513321A6C9FD4002B8F92 /* Build configuration list for PBXProject "xcode-coveralls" */;
			compatibilityVersion = "Xcode 3.2";
			developmentRegion = English;
			hasScannedForEncodings = 0;
			knownRegions = (
				English,
				en,
			);
			mainGroup = 0545132E1A6C9FD4002B8F92;
			productRefGroup = 054513381A6C9FD4002B8F92 /* Products */;
			projectDirPath = "";
			projectRoot = "";
			targets = (
				054513361A6C9FD4002B8F92 /* xcode-coveralls */,
				054513871A6CA92A002B8F92 /* XCC */,
				054513911A6CA92A002B8F92 /* XCCTests */,
			);
		};
/* End PBXProject section */

/* Begin PBXResourcesBuildPhase section */
		054513901A6CA92A002B8F92 /* Resources */ = {
			isa = PBXResourcesBuildPhase;
			buildActionMask = 2147483647;
			files = (
				054513F21A6D9A2A002B8F92 /* test.gcda in Resources */,
				058258C91AA310B20024B3AE /* repos in Resources */,
				054513F31A6D9A2A002B8F92 /* test.gcno in Resources */,
				054513F41A6D9A2A002B8F92 /* test in Resources */,
				054513F51A6D9A2A002B8F92 /* test.m.gcov in Resources */,
			);
			runOnlyForDeploymentPostprocessing = 0;
		};
/* End PBXResourcesBuildPhase section */

/* Begin PBXShellScriptBuildPhase section */
		0552BFA11A6ED717007F1099 /* ShellScript */ = {
			isa = PBXShellScriptBuildPhase;
			buildActionMask = 2147483647;
			files = (
			);
			inputPaths = (
			);
			outputPaths = (
			);
			runOnlyForDeploymentPostprocessing = 0;
			shellPath = /bin/sh;
			shellScript = "export | egrep '(BUILT_PRODUCTS_DIR)|(CURRENT_ARCH)|(OBJECT_FILE_DIR_normal)|(SRCROOT)|(OBJROOT)' > Scripts/xcenv.sh";
		};
/* End PBXShellScriptBuildPhase section */

/* Begin PBXSourcesBuildPhase section */
		054513331A6C9FD4002B8F92 /* Sources */ = {
			isa = PBXSourcesBuildPhase;
			buildActionMask = 2147483647;
			files = (
				0545133B1A6C9FD4002B8F92 /* main.m in Sources */,
			);
			runOnlyForDeploymentPostprocessing = 0;
		};
		054513841A6CA92A002B8F92 /* Sources */ = {
			isa = PBXSourcesBuildPhase;
			buildActionMask = 2147483647;
			files = (
				054513A51A6CA96E002B8F92 /* XCCArguments.m in Sources */,
				054513E01A6D8DFD002B8F92 /* XCCGCovFileLine.m in Sources */,
				054513F91A6DA9A0002B8F92 /* XCCCoverallsRequest.m in Sources */,
				054513D91A6D80F5002B8F92 /* XCCGCovFile.m in Sources */,
				054513CB1A6D6953002B8F92 /* XCCGCovHelper.m in Sources */,
				054513B41A6D57B9002B8F92 /* XCCHelp.m in Sources */,
				058258CD1AA316B30024B3AE /* XCCGitInfo.m in Sources */,
			);
			runOnlyForDeploymentPostprocessing = 0;
		};
		0545138E1A6CA92A002B8F92 /* Sources */ = {
			isa = PBXSourcesBuildPhase;
			buildActionMask = 2147483647;
			files = (
				054513C71A6D64C0002B8F92 /* XCCGCovHelperTests.m in Sources */,
				058258C71AA30F780024B3AE /* XCCGitInfoTests.m in Sources */,
				054513D31A6D7F8F002B8F92 /* XCCGCovFileTests.m in Sources */,
				054D7D491B46DEC3006AFF67 /* XCCGCovFileLineTests.m in Sources */,
				0552BFAC1A6EE7FA007F1099 /* XCCCoverallsRequestTests.m in Sources */,
				054513B01A6D5752002B8F92 /* XCCHelpTests.m in Sources */,
				054513A11A6CA962002B8F92 /* XCCArgumentsTests.m in Sources */,
			);
			runOnlyForDeploymentPostprocessing = 0;
		};
/* End PBXSourcesBuildPhase section */

/* Begin PBXTargetDependency section */
		054513951A6CA92A002B8F92 /* PBXTargetDependency */ = {
			isa = PBXTargetDependency;
			target = 054513871A6CA92A002B8F92 /* XCC */;
			targetProxy = 054513941A6CA92A002B8F92 /* PBXContainerItemProxy */;
		};
		054513A71A6CA9CF002B8F92 /* PBXTargetDependency */ = {
			isa = PBXTargetDependency;
			target = 054513871A6CA92A002B8F92 /* XCC */;
			targetProxy = 054513A61A6CA9CF002B8F92 /* PBXContainerItemProxy */;
		};
/* End PBXTargetDependency section */

/* Begin XCBuildConfiguration section */
		0545133C1A6C9FD4002B8F92 /* Debug */ = {
			isa = XCBuildConfiguration;
			baseConfigurationReference = 05C022BB20CB1351008F622D /* Debug.xcconfig */;
			buildSettings = {
				LIBRARY_SEARCH_PATHS = (
					Libraries/libgit2/,
					Libraries/openssl/,
				);
				MACOSX_DEPLOYMENT_TARGET = 10.8;
			};
			name = Debug;
		};
		0545133D1A6C9FD4002B8F92 /* Release */ = {
			isa = XCBuildConfiguration;
			baseConfigurationReference = 05C022BC20CB1351008F622D /* Release.xcconfig */;
			buildSettings = {
				LIBRARY_SEARCH_PATHS = (
					Libraries/libgit2/,
					Libraries/openssl/,
				);
				MACOSX_DEPLOYMENT_TARGET = 10.8;
			};
			name = Release;
		};
		0545133F1A6C9FD4002B8F92 /* Debug */ = {
			isa = XCBuildConfiguration;
			buildSettings = {
				CODE_SIGN_IDENTITY = "";
				DEVELOPMENT_TEAM = "";
				OTHER_LDFLAGS = (
					"-lgit2",
					"-lcrypto",
					"-lssl",
				);
				PRODUCT_NAME = "xcode-coveralls";
			};
			name = Debug;
		};
		054513401A6C9FD4002B8F92 /* Release */ = {
			isa = XCBuildConfiguration;
			buildSettings = {
				CODE_SIGN_IDENTITY = "";
				DEVELOPMENT_TEAM = "";
				OTHER_LDFLAGS = (
					"-lgit2",
					"-lcrypto",
					"-lssl",
				);
				PRODUCT_NAME = "xcode-coveralls";
			};
			name = Release;
		};
		0545139A1A6CA92A002B8F92 /* Debug */ = {
			isa = XCBuildConfiguration;
			buildSettings = {
				COMBINE_HIDPI_IMAGES = YES;
				EXECUTABLE_PREFIX = lib;
				PRODUCT_NAME = "$(TARGET_NAME)";
				USER_HEADER_SEARCH_PATHS = Libraries/libgit2/include/;
			};
			name = Debug;
		};
		0545139B1A6CA92A002B8F92 /* Release */ = {
			isa = XCBuildConfiguration;
			buildSettings = {
				COMBINE_HIDPI_IMAGES = YES;
				EXECUTABLE_PREFIX = lib;
				PRODUCT_NAME = "$(TARGET_NAME)";
				USER_HEADER_SEARCH_PATHS = Libraries/libgit2/include/;
			};
			name = Release;
		};
		0545139D1A6CA92A002B8F92 /* Debug */ = {
			isa = XCBuildConfiguration;
			buildSettings = {
				COMBINE_HIDPI_IMAGES = YES;
				FRAMEWORK_SEARCH_PATHS = (
					"$(DEVELOPER_FRAMEWORKS_DIR)",
					"$(inherited)",
				);
				INFOPLIST_FILE = XCCTests/Info.plist;
				LD_RUNPATH_SEARCH_PATHS = "$(inherited) @executable_path/../Frameworks @loader_path/../Frameworks";
				OTHER_LDFLAGS = "-lgit2";
				PRODUCT_BUNDLE_IDENTIFIER = "com.xs-labs.$(PRODUCT_NAME:rfc1034identifier)";
				PRODUCT_NAME = "$(TARGET_NAME)";
			};
			name = Debug;
		};
		0545139E1A6CA92A002B8F92 /* Release */ = {
			isa = XCBuildConfiguration;
			buildSettings = {
				COMBINE_HIDPI_IMAGES = YES;
				FRAMEWORK_SEARCH_PATHS = (
					"$(DEVELOPER_FRAMEWORKS_DIR)",
					"$(inherited)",
				);
				INFOPLIST_FILE = XCCTests/Info.plist;
				LD_RUNPATH_SEARCH_PATHS = "$(inherited) @executable_path/../Frameworks @loader_path/../Frameworks";
				OTHER_LDFLAGS = "-lgit2";
				PRODUCT_BUNDLE_IDENTIFIER = "com.xs-labs.$(PRODUCT_NAME:rfc1034identifier)";
				PRODUCT_NAME = "$(TARGET_NAME)";
			};
			name = Release;
		};
		054513C11A6D6247002B8F92 /* GCov */ = {
			isa = XCBuildConfiguration;
			baseConfigurationReference = 05C022BB20CB1351008F622D /* Debug.xcconfig */;
			buildSettings = {
				LIBRARY_SEARCH_PATHS = (
					Libraries/libgit2/,
					Libraries/openssl/,
				);
				MACOSX_DEPLOYMENT_TARGET = 10.8;
			};
			name = GCov;
		};
		054513C21A6D6247002B8F92 /* GCov */ = {
			isa = XCBuildConfiguration;
			buildSettings = {
				CODE_SIGN_IDENTITY = "";
				DEVELOPMENT_TEAM = "";
				OTHER_LDFLAGS = (
					"-lgit2",
					"-lcrypto",
					"-lssl",
				);
				PRODUCT_NAME = "xcode-coveralls";
			};
			name = GCov;
		};
		054513C31A6D6247002B8F92 /* GCov */ = {
			isa = XCBuildConfiguration;
			buildSettings = {
				COMBINE_HIDPI_IMAGES = YES;
				EXECUTABLE_PREFIX = lib;
				PRODUCT_NAME = "$(TARGET_NAME)";
				USER_HEADER_SEARCH_PATHS = Libraries/libgit2/include/;
			};
			name = GCov;
		};
		054513C41A6D6247002B8F92 /* GCov */ = {
			isa = XCBuildConfiguration;
			buildSettings = {
				COMBINE_HIDPI_IMAGES = YES;
				FRAMEWORK_SEARCH_PATHS = (
					"$(DEVELOPER_FRAMEWORKS_DIR)",
					"$(inherited)",
				);
				INFOPLIST_FILE = XCCTests/Info.plist;
				LD_RUNPATH_SEARCH_PATHS = "$(inherited) @executable_path/../Frameworks @loader_path/../Frameworks";
				OTHER_LDFLAGS = "-lgit2";
				PRODUCT_BUNDLE_IDENTIFIER = "com.xs-labs.$(PRODUCT_NAME:rfc1034identifier)";
				PRODUCT_NAME = "$(TARGET_NAME)";
			};
			name = GCov;
		};
/* End XCBuildConfiguration section */

/* Begin XCConfigurationList section */
		054513321A6C9FD4002B8F92 /* Build configuration list for PBXProject "xcode-coveralls" */ = {
			isa = XCConfigurationList;
			buildConfigurations = (
				0545133C1A6C9FD4002B8F92 /* Debug */,
				054513C11A6D6247002B8F92 /* GCov */,
				0545133D1A6C9FD4002B8F92 /* Release */,
			);
			defaultConfigurationIsVisible = 0;
			defaultConfigurationName = Release;
		};
		0545133E1A6C9FD4002B8F92 /* Build configuration list for PBXNativeTarget "xcode-coveralls" */ = {
			isa = XCConfigurationList;
			buildConfigurations = (
				0545133F1A6C9FD4002B8F92 /* Debug */,
				054513C21A6D6247002B8F92 /* GCov */,
				054513401A6C9FD4002B8F92 /* Release */,
			);
			defaultConfigurationIsVisible = 0;
			defaultConfigurationName = Release;
		};
		054513991A6CA92A002B8F92 /* Build configuration list for PBXNativeTarget "XCC" */ = {
			isa = XCConfigurationList;
			buildConfigurations = (
				0545139A1A6CA92A002B8F92 /* Debug */,
				054513C31A6D6247002B8F92 /* GCov */,
				0545139B1A6CA92A002B8F92 /* Release */,
			);
			defaultConfigurationIsVisible = 0;
			defaultConfigurationName = Release;
		};
		0545139C1A6CA92A002B8F92 /* Build configuration list for PBXNativeTarget "XCCTests" */ = {
			isa = XCConfigurationList;
			buildConfigurations = (
				0545139D1A6CA92A002B8F92 /* Debug */,
				054513C41A6D6247002B8F92 /* GCov */,
				0545139E1A6CA92A002B8F92 /* Release */,
			);
			defaultConfigurationIsVisible = 0;
			defaultConfigurationName = Release;
		};
/* End XCConfigurationList section */
	};
	rootObject = 0545132F1A6C9FD4002B8F92 /* Project object */;
}
